
Microsoft Visual Studio Solution File, Format Version 12.00
# Visual Studio 14
VisualStudioVersion = 14.0.25420.1
MinimumVisualStudioVersion = 10.0.40219.1
Project("{8BC9CEB8-8B4A-11D0-8D11-00A0C91BC942}") = "OpenApoc", "game\OpenApoc.vcxproj", "{284825AB-1430-40A4-8F08-5810C5559687}"
EndProject
Project("{8BC9CEB8-8B4A-11D0-8D11-00A0C91BC942}") = "physfs", "dependencies\physfs.vcxproj", "{5A1D2EC4-525E-49B6-9398-BE359E71CB35}"
EndProject
Project("{8BC9CEB8-8B4A-11D0-8D11-00A0C91BC942}") = "glm", "dependencies\glm.vcxproj", "{5A1E7764-CFDC-49FE-BF31-064DCC661D15}"
EndProject
Project("{8BC9CEB8-8B4A-11D0-8D11-00A0C91BC942}") = "library", "library\library.vcxproj", "{832BD75C-0C8C-4D12-A518-7B1AAE3DD0AC}"
EndProject
Project("{8BC9CEB8-8B4A-11D0-8D11-00A0C91BC942}") = "framework", "framework\framework.vcxproj", "{A61CE9B3-B257-4978-9E8B-CABB592EC2CE}"
EndProject
Project("{8BC9CEB8-8B4A-11D0-8D11-00A0C91BC942}") = "gamestate", "game\state\gamestate.vcxproj", "{55DA5DD0-C503-426E-8322-E8E2D0E1A71B}"
EndProject
Project("{8BC9CEB8-8B4A-11D0-8D11-00A0C91BC942}") = "forms", "forms\forms.vcxproj", "{398123B9-54C2-4AE3-834D-00B36AC43EB2}"
EndProject
Project("{8BC9CEB8-8B4A-11D0-8D11-00A0C91BC942}") = "gameui", "game\ui\gameui.vcxproj", "{E2F51C8A-BF8C-46DB-86D2-A61979813C70}"
EndProject
Project("{8BC9CEB8-8B4A-11D0-8D11-00A0C91BC942}") = "extractor", "tools\extractor.vcxproj", "{6B9315DD-3720-4FA4-8906-03DBAC1CEF49}"
EndProject
Project("{8BC9CEB8-8B4A-11D0-8D11-00A0C91BC942}") = "libsmacker", "dependencies\libsmacker.vcxproj", "{AD0D21F5-3471-42B7-9AA6-6089B3AF0436}"
EndProject
Project("{8BC9CEB8-8B4A-11D0-8D11-00A0C91BC942}") = "imagedump", "tools\imagedump\imagedump.vcxproj", "{D55FAC51-0E70-4E56-9EAE-69522E7CC980}"
EndProject
Project("{8BC9CEB8-8B4A-11D0-8D11-00A0C91BC942}") = "lodepng", "dependencies\lodepng.vcxproj", "{83CCC3A3-E802-4BF7-86C9-3FBC1A8803D4}"
EndProject
Project("{2150E333-8FDC-42A3-9474-1A3956D46DE8}") = "tests", "tests", "{8EAE9E1C-DF71-4144-88F4-5F4C8FD8968F}"
EndProject
Project("{8BC9CEB8-8B4A-11D0-8D11-00A0C91BC942}") = "test_rng", "tests\test_rng.vcxproj", "{657FEC45-218E-416F-B048-0BE062CF9368}"
EndProject
Project("{8BC9CEB8-8B4A-11D0-8D11-00A0C91BC942}") = "miniz", "dependencies\miniz.vcxproj", "{44A12AC1-7E09-4AF7-BAC4-A264C2F814A7}"
EndProject
Project("{8BC9CEB8-8B4A-11D0-8D11-00A0C91BC942}") = "gamestate_serialize_gen", "tools\gamestate_serialize_gen\gamestate_serialize_gen.vcxproj", "{31FBCCBD-BFD2-45FC-B9DF-3375684A3157}"
EndProject
Project("{8BC9CEB8-8B4A-11D0-8D11-00A0C91BC942}") = "test_images", "tests\test_images.vcxproj", "{1CA306CD-C11A-4E14-AAAF-2DD282E10652}"
EndProject
Project("{8BC9CEB8-8B4A-11D0-8D11-00A0C91BC942}") = "data", "data\data.vcxproj", "{9229D8C6-0499-423D-AB27-CE6403459A84}"
EndProject
Project("{2150E333-8FDC-42A3-9474-1A3956D46DE8}") = "libraries", "libraries", "{90A13965-1997-49A0-98A7-FD7484C0707D}"
EndProject
Project("{2150E333-8FDC-42A3-9474-1A3956D46DE8}") = "tools", "tools", "{3F55B450-53E6-4467-BC58-860D0E2059EA}"
EndProject
Project("{8BC9CEB8-8B4A-11D0-8D11-00A0C91BC942}") = "test_serialize", "tests\test_serialize.vcxproj", "{D7563548-254B-46EF-A911-999CEE6BCDD8}"
EndProject
Global
	GlobalSection(SolutionConfigurationPlatforms) = preSolution
		Debug|Win32 = Debug|Win32
		Debug|x64 = Debug|x64
		Release|Win32 = Release|Win32
		Release|x64 = Release|x64
	EndGlobalSection
	GlobalSection(ProjectConfigurationPlatforms) = postSolution
		{284825AB-1430-40A4-8F08-5810C5559687}.Debug|Win32.ActiveCfg = Debug|Win32
		{284825AB-1430-40A4-8F08-5810C5559687}.Debug|Win32.Build.0 = Debug|Win32
		{284825AB-1430-40A4-8F08-5810C5559687}.Debug|x64.ActiveCfg = Debug|x64
		{284825AB-1430-40A4-8F08-5810C5559687}.Debug|x64.Build.0 = Debug|x64
		{284825AB-1430-40A4-8F08-5810C5559687}.Release|Win32.ActiveCfg = Release|Win32
		{284825AB-1430-40A4-8F08-5810C5559687}.Release|Win32.Build.0 = Release|Win32
		{284825AB-1430-40A4-8F08-5810C5559687}.Release|x64.ActiveCfg = Release|x64
		{284825AB-1430-40A4-8F08-5810C5559687}.Release|x64.Build.0 = Release|x64
		{5A1D2EC4-525E-49B6-9398-BE359E71CB35}.Debug|Win32.ActiveCfg = Debug|Win32
		{5A1D2EC4-525E-49B6-9398-BE359E71CB35}.Debug|Win32.Build.0 = Debug|Win32
		{5A1D2EC4-525E-49B6-9398-BE359E71CB35}.Debug|x64.ActiveCfg = Debug|x64
		{5A1D2EC4-525E-49B6-9398-BE359E71CB35}.Debug|x64.Build.0 = Debug|x64
		{5A1D2EC4-525E-49B6-9398-BE359E71CB35}.Release|Win32.ActiveCfg = Release|Win32
		{5A1D2EC4-525E-49B6-9398-BE359E71CB35}.Release|Win32.Build.0 = Release|Win32
		{5A1D2EC4-525E-49B6-9398-BE359E71CB35}.Release|x64.ActiveCfg = Release|x64
		{5A1D2EC4-525E-49B6-9398-BE359E71CB35}.Release|x64.Build.0 = Release|x64
		{5A1E7764-CFDC-49FE-BF31-064DCC661D15}.Debug|Win32.ActiveCfg = Debug|Win32
		{5A1E7764-CFDC-49FE-BF31-064DCC661D15}.Debug|Win32.Build.0 = Debug|Win32
		{5A1E7764-CFDC-49FE-BF31-064DCC661D15}.Debug|x64.ActiveCfg = Debug|x64
		{5A1E7764-CFDC-49FE-BF31-064DCC661D15}.Debug|x64.Build.0 = Debug|x64
		{5A1E7764-CFDC-49FE-BF31-064DCC661D15}.Release|Win32.ActiveCfg = Release|Win32
		{5A1E7764-CFDC-49FE-BF31-064DCC661D15}.Release|Win32.Build.0 = Release|Win32
		{5A1E7764-CFDC-49FE-BF31-064DCC661D15}.Release|x64.ActiveCfg = Release|x64
		{5A1E7764-CFDC-49FE-BF31-064DCC661D15}.Release|x64.Build.0 = Release|x64
		{832BD75C-0C8C-4D12-A518-7B1AAE3DD0AC}.Debug|Win32.ActiveCfg = Debug|Win32
		{832BD75C-0C8C-4D12-A518-7B1AAE3DD0AC}.Debug|Win32.Build.0 = Debug|Win32
		{832BD75C-0C8C-4D12-A518-7B1AAE3DD0AC}.Debug|x64.ActiveCfg = Debug|x64
		{832BD75C-0C8C-4D12-A518-7B1AAE3DD0AC}.Debug|x64.Build.0 = Debug|x64
		{832BD75C-0C8C-4D12-A518-7B1AAE3DD0AC}.Release|Win32.ActiveCfg = Release|Win32
		{832BD75C-0C8C-4D12-A518-7B1AAE3DD0AC}.Release|Win32.Build.0 = Release|Win32
		{832BD75C-0C8C-4D12-A518-7B1AAE3DD0AC}.Release|x64.ActiveCfg = Release|x64
		{832BD75C-0C8C-4D12-A518-7B1AAE3DD0AC}.Release|x64.Build.0 = Release|x64
		{A61CE9B3-B257-4978-9E8B-CABB592EC2CE}.Debug|Win32.ActiveCfg = Debug|Win32
		{A61CE9B3-B257-4978-9E8B-CABB592EC2CE}.Debug|Win32.Build.0 = Debug|Win32
		{A61CE9B3-B257-4978-9E8B-CABB592EC2CE}.Debug|x64.ActiveCfg = Debug|x64
		{A61CE9B3-B257-4978-9E8B-CABB592EC2CE}.Debug|x64.Build.0 = Debug|x64
		{A61CE9B3-B257-4978-9E8B-CABB592EC2CE}.Release|Win32.ActiveCfg = Release|Win32
		{A61CE9B3-B257-4978-9E8B-CABB592EC2CE}.Release|Win32.Build.0 = Release|Win32
		{A61CE9B3-B257-4978-9E8B-CABB592EC2CE}.Release|x64.ActiveCfg = Release|x64
		{A61CE9B3-B257-4978-9E8B-CABB592EC2CE}.Release|x64.Build.0 = Release|x64
		{55DA5DD0-C503-426E-8322-E8E2D0E1A71B}.Debug|Win32.ActiveCfg = Debug|Win32
		{55DA5DD0-C503-426E-8322-E8E2D0E1A71B}.Debug|Win32.Build.0 = Debug|Win32
		{55DA5DD0-C503-426E-8322-E8E2D0E1A71B}.Debug|x64.ActiveCfg = Debug|x64
		{55DA5DD0-C503-426E-8322-E8E2D0E1A71B}.Debug|x64.Build.0 = Debug|x64
		{55DA5DD0-C503-426E-8322-E8E2D0E1A71B}.Release|Win32.ActiveCfg = Release|Win32
		{55DA5DD0-C503-426E-8322-E8E2D0E1A71B}.Release|Win32.Build.0 = Release|Win32
		{55DA5DD0-C503-426E-8322-E8E2D0E1A71B}.Release|x64.ActiveCfg = Release|x64
		{55DA5DD0-C503-426E-8322-E8E2D0E1A71B}.Release|x64.Build.0 = Release|x64
		{398123B9-54C2-4AE3-834D-00B36AC43EB2}.Debug|Win32.ActiveCfg = Debug|Win32
		{398123B9-54C2-4AE3-834D-00B36AC43EB2}.Debug|Win32.Build.0 = Debug|Win32
		{398123B9-54C2-4AE3-834D-00B36AC43EB2}.Debug|x64.ActiveCfg = Debug|x64
		{398123B9-54C2-4AE3-834D-00B36AC43EB2}.Debug|x64.Build.0 = Debug|x64
		{398123B9-54C2-4AE3-834D-00B36AC43EB2}.Release|Win32.ActiveCfg = Release|Win32
		{398123B9-54C2-4AE3-834D-00B36AC43EB2}.Release|Win32.Build.0 = Release|Win32
		{398123B9-54C2-4AE3-834D-00B36AC43EB2}.Release|x64.ActiveCfg = Release|x64
		{398123B9-54C2-4AE3-834D-00B36AC43EB2}.Release|x64.Build.0 = Release|x64
		{E2F51C8A-BF8C-46DB-86D2-A61979813C70}.Debug|Win32.ActiveCfg = Debug|Win32
		{E2F51C8A-BF8C-46DB-86D2-A61979813C70}.Debug|Win32.Build.0 = Debug|Win32
		{E2F51C8A-BF8C-46DB-86D2-A61979813C70}.Debug|x64.ActiveCfg = Debug|x64
		{E2F51C8A-BF8C-46DB-86D2-A61979813C70}.Debug|x64.Build.0 = Debug|x64
		{E2F51C8A-BF8C-46DB-86D2-A61979813C70}.Release|Win32.ActiveCfg = Release|Win32
		{E2F51C8A-BF8C-46DB-86D2-A61979813C70}.Release|Win32.Build.0 = Release|Win32
		{E2F51C8A-BF8C-46DB-86D2-A61979813C70}.Release|x64.ActiveCfg = Release|x64
		{E2F51C8A-BF8C-46DB-86D2-A61979813C70}.Release|x64.Build.0 = Release|x64
		{6B9315DD-3720-4FA4-8906-03DBAC1CEF49}.Debug|Win32.ActiveCfg = Debug|Win32
		{6B9315DD-3720-4FA4-8906-03DBAC1CEF49}.Debug|Win32.Build.0 = Debug|Win32
		{6B9315DD-3720-4FA4-8906-03DBAC1CEF49}.Debug|x64.ActiveCfg = Debug|x64
		{6B9315DD-3720-4FA4-8906-03DBAC1CEF49}.Debug|x64.Build.0 = Debug|x64
		{6B9315DD-3720-4FA4-8906-03DBAC1CEF49}.Release|Win32.ActiveCfg = Release|Win32
		{6B9315DD-3720-4FA4-8906-03DBAC1CEF49}.Release|Win32.Build.0 = Release|Win32
		{6B9315DD-3720-4FA4-8906-03DBAC1CEF49}.Release|x64.ActiveCfg = Release|x64
		{6B9315DD-3720-4FA4-8906-03DBAC1CEF49}.Release|x64.Build.0 = Release|x64
		{AD0D21F5-3471-42B7-9AA6-6089B3AF0436}.Debug|Win32.ActiveCfg = Debug|Win32
		{AD0D21F5-3471-42B7-9AA6-6089B3AF0436}.Debug|Win32.Build.0 = Debug|Win32
		{AD0D21F5-3471-42B7-9AA6-6089B3AF0436}.Debug|x64.ActiveCfg = Debug|x64
		{AD0D21F5-3471-42B7-9AA6-6089B3AF0436}.Debug|x64.Build.0 = Debug|x64
		{AD0D21F5-3471-42B7-9AA6-6089B3AF0436}.Release|Win32.ActiveCfg = Release|Win32
		{AD0D21F5-3471-42B7-9AA6-6089B3AF0436}.Release|Win32.Build.0 = Release|Win32
		{AD0D21F5-3471-42B7-9AA6-6089B3AF0436}.Release|x64.ActiveCfg = Release|x64
		{AD0D21F5-3471-42B7-9AA6-6089B3AF0436}.Release|x64.Build.0 = Release|x64
		{D55FAC51-0E70-4E56-9EAE-69522E7CC980}.Debug|Win32.ActiveCfg = Debug|Win32
		{D55FAC51-0E70-4E56-9EAE-69522E7CC980}.Debug|Win32.Build.0 = Debug|Win32
		{D55FAC51-0E70-4E56-9EAE-69522E7CC980}.Debug|x64.ActiveCfg = Debug|x64
		{D55FAC51-0E70-4E56-9EAE-69522E7CC980}.Debug|x64.Build.0 = Debug|x64
		{D55FAC51-0E70-4E56-9EAE-69522E7CC980}.Release|Win32.ActiveCfg = Release|Win32
		{D55FAC51-0E70-4E56-9EAE-69522E7CC980}.Release|Win32.Build.0 = Release|Win32
		{D55FAC51-0E70-4E56-9EAE-69522E7CC980}.Release|x64.ActiveCfg = Release|x64
		{D55FAC51-0E70-4E56-9EAE-69522E7CC980}.Release|x64.Build.0 = Release|x64
		{83CCC3A3-E802-4BF7-86C9-3FBC1A8803D4}.Debug|Win32.ActiveCfg = Debug|Win32
		{83CCC3A3-E802-4BF7-86C9-3FBC1A8803D4}.Debug|Win32.Build.0 = Debug|Win32
		{83CCC3A3-E802-4BF7-86C9-3FBC1A8803D4}.Debug|x64.ActiveCfg = Debug|x64
		{83CCC3A3-E802-4BF7-86C9-3FBC1A8803D4}.Debug|x64.Build.0 = Debug|x64
		{83CCC3A3-E802-4BF7-86C9-3FBC1A8803D4}.Release|Win32.ActiveCfg = Release|Win32
		{83CCC3A3-E802-4BF7-86C9-3FBC1A8803D4}.Release|Win32.Build.0 = Release|Win32
		{83CCC3A3-E802-4BF7-86C9-3FBC1A8803D4}.Release|x64.ActiveCfg = Release|x64
		{83CCC3A3-E802-4BF7-86C9-3FBC1A8803D4}.Release|x64.Build.0 = Release|x64
		{657FEC45-218E-416F-B048-0BE062CF9368}.Debug|Win32.ActiveCfg = Debug|Win32
		{657FEC45-218E-416F-B048-0BE062CF9368}.Debug|Win32.Build.0 = Debug|Win32
		{657FEC45-218E-416F-B048-0BE062CF9368}.Debug|x64.ActiveCfg = Debug|x64
		{657FEC45-218E-416F-B048-0BE062CF9368}.Debug|x64.Build.0 = Debug|x64
		{657FEC45-218E-416F-B048-0BE062CF9368}.Release|Win32.ActiveCfg = Release|Win32
		{657FEC45-218E-416F-B048-0BE062CF9368}.Release|Win32.Build.0 = Release|Win32
		{657FEC45-218E-416F-B048-0BE062CF9368}.Release|x64.ActiveCfg = Release|x64
		{657FEC45-218E-416F-B048-0BE062CF9368}.Release|x64.Build.0 = Release|x64
		{44A12AC1-7E09-4AF7-BAC4-A264C2F814A7}.Debug|Win32.ActiveCfg = Debug|Win32
		{44A12AC1-7E09-4AF7-BAC4-A264C2F814A7}.Debug|Win32.Build.0 = Debug|Win32
		{44A12AC1-7E09-4AF7-BAC4-A264C2F814A7}.Debug|x64.ActiveCfg = Debug|x64
		{44A12AC1-7E09-4AF7-BAC4-A264C2F814A7}.Debug|x64.Build.0 = Debug|x64
		{44A12AC1-7E09-4AF7-BAC4-A264C2F814A7}.Release|Win32.ActiveCfg = Release|Win32
		{44A12AC1-7E09-4AF7-BAC4-A264C2F814A7}.Release|Win32.Build.0 = Release|Win32
		{44A12AC1-7E09-4AF7-BAC4-A264C2F814A7}.Release|x64.ActiveCfg = Release|x64
		{44A12AC1-7E09-4AF7-BAC4-A264C2F814A7}.Release|x64.Build.0 = Release|x64
		{31FBCCBD-BFD2-45FC-B9DF-3375684A3157}.Debug|Win32.ActiveCfg = Debug|Win32
		{31FBCCBD-BFD2-45FC-B9DF-3375684A3157}.Debug|Win32.Build.0 = Debug|Win32
		{31FBCCBD-BFD2-45FC-B9DF-3375684A3157}.Debug|x64.ActiveCfg = Debug|x64
		{31FBCCBD-BFD2-45FC-B9DF-3375684A3157}.Debug|x64.Build.0 = Debug|x64
		{31FBCCBD-BFD2-45FC-B9DF-3375684A3157}.Release|Win32.ActiveCfg = Release|Win32
		{31FBCCBD-BFD2-45FC-B9DF-3375684A3157}.Release|Win32.Build.0 = Release|Win32
		{31FBCCBD-BFD2-45FC-B9DF-3375684A3157}.Release|x64.ActiveCfg = Release|x64
		{31FBCCBD-BFD2-45FC-B9DF-3375684A3157}.Release|x64.Build.0 = Release|x64
		{1CA306CD-C11A-4E14-AAAF-2DD282E10652}.Debug|Win32.ActiveCfg = Debug|Win32
		{1CA306CD-C11A-4E14-AAAF-2DD282E10652}.Debug|Win32.Build.0 = Debug|Win32
		{1CA306CD-C11A-4E14-AAAF-2DD282E10652}.Debug|x64.ActiveCfg = Debug|x64
		{1CA306CD-C11A-4E14-AAAF-2DD282E10652}.Debug|x64.Build.0 = Debug|x64
		{1CA306CD-C11A-4E14-AAAF-2DD282E10652}.Release|Win32.ActiveCfg = Release|Win32
		{1CA306CD-C11A-4E14-AAAF-2DD282E10652}.Release|Win32.Build.0 = Release|Win32
		{1CA306CD-C11A-4E14-AAAF-2DD282E10652}.Release|x64.ActiveCfg = Release|x64
		{1CA306CD-C11A-4E14-AAAF-2DD282E10652}.Release|x64.Build.0 = Release|x64
		{9229D8C6-0499-423D-AB27-CE6403459A84}.Debug|Win32.ActiveCfg = Debug|Win32
		{9229D8C6-0499-423D-AB27-CE6403459A84}.Debug|Win32.Build.0 = Debug|Win32
		{9229D8C6-0499-423D-AB27-CE6403459A84}.Debug|x64.ActiveCfg = Debug|x64
		{9229D8C6-0499-423D-AB27-CE6403459A84}.Debug|x64.Build.0 = Debug|x64
		{9229D8C6-0499-423D-AB27-CE6403459A84}.Release|Win32.ActiveCfg = Release|Win32
		{9229D8C6-0499-423D-AB27-CE6403459A84}.Release|Win32.Build.0 = Release|Win32
		{9229D8C6-0499-423D-AB27-CE6403459A84}.Release|x64.ActiveCfg = Release|x64
		{9229D8C6-0499-423D-AB27-CE6403459A84}.Release|x64.Build.0 = Release|x64
		{D7563548-254B-46EF-A911-999CEE6BCDD8}.Debug|Win32.ActiveCfg = Debug|Win32
		{D7563548-254B-46EF-A911-999CEE6BCDD8}.Debug|Win32.Build.0 = Debug|Win32
		{D7563548-254B-46EF-A911-999CEE6BCDD8}.Debug|x64.ActiveCfg = Debug|x64
		{D7563548-254B-46EF-A911-999CEE6BCDD8}.Debug|x64.Build.0 = Debug|x64
		{D7563548-254B-46EF-A911-999CEE6BCDD8}.Release|Win32.ActiveCfg = Release|Win32
		{D7563548-254B-46EF-A911-999CEE6BCDD8}.Release|Win32.Build.0 = Release|Win32
		{D7563548-254B-46EF-A911-999CEE6BCDD8}.Release|x64.ActiveCfg = Release|x64
	EndGlobalSection
	GlobalSection(SolutionProperties) = preSolution
		HideSolutionNode = FALSE
	EndGlobalSection
	GlobalSection(NestedProjects) = preSolution
		{5A1D2EC4-525E-49B6-9398-BE359E71CB35} = {90A13965-1997-49A0-98A7-FD7484C0707D}
		{5A1E7764-CFDC-49FE-BF31-064DCC661D15} = {90A13965-1997-49A0-98A7-FD7484C0707D}
		{832BD75C-0C8C-4D12-A518-7B1AAE3DD0AC} = {90A13965-1997-49A0-98A7-FD7484C0707D}
		{A61CE9B3-B257-4978-9E8B-CABB592EC2CE} = {90A13965-1997-49A0-98A7-FD7484C0707D}
		{55DA5DD0-C503-426E-8322-E8E2D0E1A71B} = {90A13965-1997-49A0-98A7-FD7484C0707D}
		{398123B9-54C2-4AE3-834D-00B36AC43EB2} = {90A13965-1997-49A0-98A7-FD7484C0707D}
		{E2F51C8A-BF8C-46DB-86D2-A61979813C70} = {90A13965-1997-49A0-98A7-FD7484C0707D}
		{6B9315DD-3720-4FA4-8906-03DBAC1CEF49} = {3F55B450-53E6-4467-BC58-860D0E2059EA}
		{AD0D21F5-3471-42B7-9AA6-6089B3AF0436} = {90A13965-1997-49A0-98A7-FD7484C0707D}
		{D55FAC51-0E70-4E56-9EAE-69522E7CC980} = {3F55B450-53E6-4467-BC58-860D0E2059EA}
		{83CCC3A3-E802-4BF7-86C9-3FBC1A8803D4} = {90A13965-1997-49A0-98A7-FD7484C0707D}
		{657FEC45-218E-416F-B048-0BE062CF9368} = {8EAE9E1C-DF71-4144-88F4-5F4C8FD8968F}
		{44A12AC1-7E09-4AF7-BAC4-A264C2F814A7} = {90A13965-1997-49A0-98A7-FD7484C0707D}
		{31FBCCBD-BFD2-45FC-B9DF-3375684A3157} = {3F55B450-53E6-4467-BC58-860D0E2059EA}
		{1CA306CD-C11A-4E14-AAAF-2DD282E10652} = {8EAE9E1C-DF71-4144-88F4-5F4C8FD8968F}
		{D7563548-254B-46EF-A911-999CEE6BCDD8} = {8EAE9E1C-DF71-4144-88F4-5F4C8FD8968F}
	EndGlobalSection
EndGlobal
