
Microsoft Visual Studio Solution File, Format Version 12.00
# Visual Studio Express 2013 for Windows Desktop
VisualStudioVersion = 12.0.40629.0
MinimumVisualStudioVersion = 10.0.40219.1
Project("{8BC9CEB8-8B4A-11D0-8D11-00A0C91BC942}") = "tinyxml2", "dependencies\tinyxml2.vcxproj", "{D1C528B6-AA02-4D29-9D61-DC08E317A70D}"
EndProject
Project("{8BC9CEB8-8B4A-11D0-8D11-00A0C91BC942}") = "physfs", "dependencies\physfs.vcxproj", "{5A1D2EC4-525E-49B6-9398-BE359E71CB35}"
EndProject
Project("{8BC9CEB8-8B4A-11D0-8D11-00A0C91BC942}") = "glm", "dependencies\glm.vcxproj", "{5A1E7764-CFDC-49FE-BF31-064DCC661D15}"
EndProject
Project("{8BC9CEB8-8B4A-11D0-8D11-00A0C91BC942}") = "library", "library\library.vcxproj", "{832BD75C-0C8C-4D12-A518-7B1AAE3DD0AC}"
EndProject
Project("{8BC9CEB8-8B4A-11D0-8D11-00A0C91BC942}") = "framework", "framework\framework.vcxproj", "{A61CE9B3-B257-4978-9E8B-CABB592EC2CE}"
EndProject
Project("{8BC9CEB8-8B4A-11D0-8D11-00A0C91BC942}") = "gamestate", "game\state\gamestate.vcxproj", "{55DA5DD0-C503-426E-8322-E8E2D0E1A71B}"
EndProject
Project("{8BC9CEB8-8B4A-11D0-8D11-00A0C91BC942}") = "forms", "forms\forms.vcxproj", "{398123B9-54C2-4AE3-834D-00B36AC43EB2}"
EndProject
Project("{8BC9CEB8-8B4A-11D0-8D11-00A0C91BC942}") = "gameui", "game\ui\gameui.vcxproj", "{E2F51C8A-BF8C-46DB-86D2-A61979813C70}"
EndProject
Project("{8BC9CEB8-8B4A-11D0-8D11-00A0C91BC942}") = "OpenApoc", "game\OpenApoc.vcxproj", "{284825AB-1430-40A4-8F08-5810C5559687}"
EndProject
Global
	GlobalSection(SolutionConfigurationPlatforms) = preSolution
		Debug|Mixed Platforms = Debug|Mixed Platforms
		Debug|Win32 = Debug|Win32
		Debug|x64 = Debug|x64
		Release|Mixed Platforms = Release|Mixed Platforms
		Release|Win32 = Release|Win32
		Release|x64 = Release|x64
		RelWithDebInfo|Mixed Platforms = RelWithDebInfo|Mixed Platforms
		RelWithDebInfo|Win32 = RelWithDebInfo|Win32
		RelWithDebInfo|x64 = RelWithDebInfo|x64
	EndGlobalSection
	GlobalSection(ProjectConfigurationPlatforms) = postSolution
		{D1C528B6-AA02-4D29-9D61-DC08E317A70D}.Debug|Mixed Platforms.ActiveCfg = Debug|Win32
		{D1C528B6-AA02-4D29-9D61-DC08E317A70D}.Debug|Mixed Platforms.Build.0 = Debug|Win32
		{D1C528B6-AA02-4D29-9D61-DC08E317A70D}.Debug|Win32.ActiveCfg = Debug|Win32
		{D1C528B6-AA02-4D29-9D61-DC08E317A70D}.Debug|Win32.Build.0 = Debug|Win32
		{D1C528B6-AA02-4D29-9D61-DC08E317A70D}.Debug|x64.ActiveCfg = Debug|x64
		{D1C528B6-AA02-4D29-9D61-DC08E317A70D}.Debug|x64.Build.0 = Debug|x64
		{D1C528B6-AA02-4D29-9D61-DC08E317A70D}.Release|Mixed Platforms.ActiveCfg = Release|Win32
		{D1C528B6-AA02-4D29-9D61-DC08E317A70D}.Release|Mixed Platforms.Build.0 = Release|Win32
		{D1C528B6-AA02-4D29-9D61-DC08E317A70D}.Release|Win32.ActiveCfg = Release|Win32
		{D1C528B6-AA02-4D29-9D61-DC08E317A70D}.Release|Win32.Build.0 = Release|Win32
		{D1C528B6-AA02-4D29-9D61-DC08E317A70D}.Release|x64.ActiveCfg = Release|x64
		{D1C528B6-AA02-4D29-9D61-DC08E317A70D}.Release|x64.Build.0 = Release|x64
		{D1C528B6-AA02-4D29-9D61-DC08E317A70D}.RelWithDebInfo|Mixed Platforms.ActiveCfg = Release-Lib|Win32
		{D1C528B6-AA02-4D29-9D61-DC08E317A70D}.RelWithDebInfo|Mixed Platforms.Build.0 = Release-Lib|Win32
		{D1C528B6-AA02-4D29-9D61-DC08E317A70D}.RelWithDebInfo|Win32.ActiveCfg = Debug|Win32
		{D1C528B6-AA02-4D29-9D61-DC08E317A70D}.RelWithDebInfo|Win32.Build.0 = Debug|Win32
		{D1C528B6-AA02-4D29-9D61-DC08E317A70D}.RelWithDebInfo|x64.ActiveCfg = Debug|x64
		{D1C528B6-AA02-4D29-9D61-DC08E317A70D}.RelWithDebInfo|x64.Build.0 = Debug|x64
		{5A1D2EC4-525E-49B6-9398-BE359E71CB35}.Debug|Mixed Platforms.ActiveCfg = Debug|Win32
		{5A1D2EC4-525E-49B6-9398-BE359E71CB35}.Debug|Mixed Platforms.Build.0 = Debug|Win32
		{5A1D2EC4-525E-49B6-9398-BE359E71CB35}.Debug|Win32.ActiveCfg = Debug|Win32
		{5A1D2EC4-525E-49B6-9398-BE359E71CB35}.Debug|Win32.Build.0 = Debug|Win32
		{5A1D2EC4-525E-49B6-9398-BE359E71CB35}.Debug|x64.ActiveCfg = Debug|x64
		{5A1D2EC4-525E-49B6-9398-BE359E71CB35}.Debug|x64.Build.0 = Debug|x64
		{5A1D2EC4-525E-49B6-9398-BE359E71CB35}.Release|Mixed Platforms.ActiveCfg = Release|Win32
		{5A1D2EC4-525E-49B6-9398-BE359E71CB35}.Release|Mixed Platforms.Build.0 = Release|Win32
		{5A1D2EC4-525E-49B6-9398-BE359E71CB35}.Release|Win32.ActiveCfg = Release|Win32
		{5A1D2EC4-525E-49B6-9398-BE359E71CB35}.Release|Win32.Build.0 = Release|Win32
		{5A1D2EC4-525E-49B6-9398-BE359E71CB35}.Release|x64.ActiveCfg = Release|x64
		{5A1D2EC4-525E-49B6-9398-BE359E71CB35}.Release|x64.Build.0 = Release|x64
		{5A1D2EC4-525E-49B6-9398-BE359E71CB35}.RelWithDebInfo|Mixed Platforms.ActiveCfg = Release|Win32
		{5A1D2EC4-525E-49B6-9398-BE359E71CB35}.RelWithDebInfo|Mixed Platforms.Build.0 = Release|Win32
		{5A1D2EC4-525E-49B6-9398-BE359E71CB35}.RelWithDebInfo|Win32.ActiveCfg = Release|Win32
		{5A1D2EC4-525E-49B6-9398-BE359E71CB35}.RelWithDebInfo|Win32.Build.0 = Release|Win32
		{5A1D2EC4-525E-49B6-9398-BE359E71CB35}.RelWithDebInfo|x64.ActiveCfg = Release|x64
		{5A1D2EC4-525E-49B6-9398-BE359E71CB35}.RelWithDebInfo|x64.Build.0 = Release|x64
		{5A1E7764-CFDC-49FE-BF31-064DCC661D15}.Debug|Mixed Platforms.ActiveCfg = Debug|Win32
		{5A1E7764-CFDC-49FE-BF31-064DCC661D15}.Debug|Mixed Platforms.Build.0 = Debug|Win32
		{5A1E7764-CFDC-49FE-BF31-064DCC661D15}.Debug|Win32.ActiveCfg = Debug|Win32
		{5A1E7764-CFDC-49FE-BF31-064DCC661D15}.Debug|Win32.Build.0 = Debug|Win32
		{5A1E7764-CFDC-49FE-BF31-064DCC661D15}.Debug|x64.ActiveCfg = Debug|x64
		{5A1E7764-CFDC-49FE-BF31-064DCC661D15}.Debug|x64.Build.0 = Debug|x64
		{5A1E7764-CFDC-49FE-BF31-064DCC661D15}.Release|Mixed Platforms.ActiveCfg = Release|Win32
		{5A1E7764-CFDC-49FE-BF31-064DCC661D15}.Release|Mixed Platforms.Build.0 = Release|Win32
		{5A1E7764-CFDC-49FE-BF31-064DCC661D15}.Release|Win32.ActiveCfg = Release|Win32
		{5A1E7764-CFDC-49FE-BF31-064DCC661D15}.Release|Win32.Build.0 = Release|Win32
		{5A1E7764-CFDC-49FE-BF31-064DCC661D15}.Release|x64.ActiveCfg = Release|x64
		{5A1E7764-CFDC-49FE-BF31-064DCC661D15}.RelWithDebInfo|Mixed Platforms.ActiveCfg = Release|Win32
		{5A1E7764-CFDC-49FE-BF31-064DCC661D15}.RelWithDebInfo|Mixed Platforms.Build.0 = Release|Win32
		{5A1E7764-CFDC-49FE-BF31-064DCC661D15}.RelWithDebInfo|Win32.ActiveCfg = Release|Win32
		{5A1E7764-CFDC-49FE-BF31-064DCC661D15}.RelWithDebInfo|Win32.Build.0 = Release|Win32
		{5A1E7764-CFDC-49FE-BF31-064DCC661D15}.RelWithDebInfo|x64.ActiveCfg = Release|Win32
		{832BD75C-0C8C-4D12-A518-7B1AAE3DD0AC}.Debug|Mixed Platforms.ActiveCfg = Debug|Win32
		{832BD75C-0C8C-4D12-A518-7B1AAE3DD0AC}.Debug|Mixed Platforms.Build.0 = Debug|Win32
		{832BD75C-0C8C-4D12-A518-7B1AAE3DD0AC}.Debug|Win32.ActiveCfg = Debug|Win32
		{832BD75C-0C8C-4D12-A518-7B1AAE3DD0AC}.Debug|Win32.Build.0 = Debug|Win32
		{832BD75C-0C8C-4D12-A518-7B1AAE3DD0AC}.Debug|x64.ActiveCfg = Debug|x64
		{832BD75C-0C8C-4D12-A518-7B1AAE3DD0AC}.Debug|x64.Build.0 = Debug|x64
		{832BD75C-0C8C-4D12-A518-7B1AAE3DD0AC}.Release|Mixed Platforms.ActiveCfg = Release|Win32
		{832BD75C-0C8C-4D12-A518-7B1AAE3DD0AC}.Release|Mixed Platforms.Build.0 = Release|Win32
		{832BD75C-0C8C-4D12-A518-7B1AAE3DD0AC}.Release|Win32.ActiveCfg = Release|Win32
		{832BD75C-0C8C-4D12-A518-7B1AAE3DD0AC}.Release|Win32.Build.0 = Release|Win32
		{832BD75C-0C8C-4D12-A518-7B1AAE3DD0AC}.Release|x64.ActiveCfg = Release|x64
		{832BD75C-0C8C-4D12-A518-7B1AAE3DD0AC}.RelWithDebInfo|Mixed Platforms.ActiveCfg = Release|Win32
		{832BD75C-0C8C-4D12-A518-7B1AAE3DD0AC}.RelWithDebInfo|Mixed Platforms.Build.0 = Release|Win32
		{832BD75C-0C8C-4D12-A518-7B1AAE3DD0AC}.RelWithDebInfo|Win32.ActiveCfg = Release|Win32
		{832BD75C-0C8C-4D12-A518-7B1AAE3DD0AC}.RelWithDebInfo|Win32.Build.0 = Release|Win32
		{832BD75C-0C8C-4D12-A518-7B1AAE3DD0AC}.RelWithDebInfo|x64.ActiveCfg = Release|Win32
		{A61CE9B3-B257-4978-9E8B-CABB592EC2CE}.Debug|Mixed Platforms.ActiveCfg = Debug|Win32
		{A61CE9B3-B257-4978-9E8B-CABB592EC2CE}.Debug|Mixed Platforms.Build.0 = Debug|Win32
		{A61CE9B3-B257-4978-9E8B-CABB592EC2CE}.Debug|Win32.ActiveCfg = Debug|Win32
		{A61CE9B3-B257-4978-9E8B-CABB592EC2CE}.Debug|Win32.Build.0 = Debug|Win32
		{A61CE9B3-B257-4978-9E8B-CABB592EC2CE}.Debug|x64.ActiveCfg = Debug|x64
		{A61CE9B3-B257-4978-9E8B-CABB592EC2CE}.Debug|x64.Build.0 = Debug|x64
		{A61CE9B3-B257-4978-9E8B-CABB592EC2CE}.Release|Mixed Platforms.ActiveCfg = Release|Win32
		{A61CE9B3-B257-4978-9E8B-CABB592EC2CE}.Release|Mixed Platforms.Build.0 = Release|Win32
		{A61CE9B3-B257-4978-9E8B-CABB592EC2CE}.Release|Win32.ActiveCfg = Release|Win32
		{A61CE9B3-B257-4978-9E8B-CABB592EC2CE}.Release|Win32.Build.0 = Release|Win32
		{A61CE9B3-B257-4978-9E8B-CABB592EC2CE}.Release|x64.ActiveCfg = Release|x64
		{A61CE9B3-B257-4978-9E8B-CABB592EC2CE}.RelWithDebInfo|Mixed Platforms.ActiveCfg = Release|Win32
		{A61CE9B3-B257-4978-9E8B-CABB592EC2CE}.RelWithDebInfo|Mixed Platforms.Build.0 = Release|Win32
		{A61CE9B3-B257-4978-9E8B-CABB592EC2CE}.RelWithDebInfo|Win32.ActiveCfg = Release|Win32
		{A61CE9B3-B257-4978-9E8B-CABB592EC2CE}.RelWithDebInfo|Win32.Build.0 = Release|Win32
		{A61CE9B3-B257-4978-9E8B-CABB592EC2CE}.RelWithDebInfo|x64.ActiveCfg = Release|Win32
		{55DA5DD0-C503-426E-8322-E8E2D0E1A71B}.Debug|Mixed Platforms.ActiveCfg = Debug|Win32
		{55DA5DD0-C503-426E-8322-E8E2D0E1A71B}.Debug|Mixed Platforms.Build.0 = Debug|Win32
		{55DA5DD0-C503-426E-8322-E8E2D0E1A71B}.Debug|Win32.ActiveCfg = Debug|Win32
		{55DA5DD0-C503-426E-8322-E8E2D0E1A71B}.Debug|Win32.Build.0 = Debug|Win32
		{55DA5DD0-C503-426E-8322-E8E2D0E1A71B}.Debug|x64.ActiveCfg = Debug|x64
		{55DA5DD0-C503-426E-8322-E8E2D0E1A71B}.Debug|x64.Build.0 = Debug|x64
		{55DA5DD0-C503-426E-8322-E8E2D0E1A71B}.Release|Mixed Platforms.ActiveCfg = Release|Win32
		{55DA5DD0-C503-426E-8322-E8E2D0E1A71B}.Release|Mixed Platforms.Build.0 = Release|Win32
		{55DA5DD0-C503-426E-8322-E8E2D0E1A71B}.Release|Win32.ActiveCfg = Release|Win32
		{55DA5DD0-C503-426E-8322-E8E2D0E1A71B}.Release|Win32.Build.0 = Release|Win32
		{55DA5DD0-C503-426E-8322-E8E2D0E1A71B}.Release|x64.ActiveCfg = Release|x64
		{55DA5DD0-C503-426E-8322-E8E2D0E1A71B}.RelWithDebInfo|Mixed Platforms.ActiveCfg = Release|Win32
		{55DA5DD0-C503-426E-8322-E8E2D0E1A71B}.RelWithDebInfo|Mixed Platforms.Build.0 = Release|Win32
		{55DA5DD0-C503-426E-8322-E8E2D0E1A71B}.RelWithDebInfo|Win32.ActiveCfg = Release|Win32
		{55DA5DD0-C503-426E-8322-E8E2D0E1A71B}.RelWithDebInfo|Win32.Build.0 = Release|Win32
		{55DA5DD0-C503-426E-8322-E8E2D0E1A71B}.RelWithDebInfo|x64.ActiveCfg = Release|Win32
		{398123B9-54C2-4AE3-834D-00B36AC43EB2}.Debug|Mixed Platforms.ActiveCfg = Debug|Win32
		{398123B9-54C2-4AE3-834D-00B36AC43EB2}.Debug|Mixed Platforms.Build.0 = Debug|Win32
		{398123B9-54C2-4AE3-834D-00B36AC43EB2}.Debug|Win32.ActiveCfg = Debug|Win32
		{398123B9-54C2-4AE3-834D-00B36AC43EB2}.Debug|Win32.Build.0 = Debug|Win32
		{398123B9-54C2-4AE3-834D-00B36AC43EB2}.Debug|x64.ActiveCfg = Debug|x64
		{398123B9-54C2-4AE3-834D-00B36AC43EB2}.Debug|x64.Build.0 = Debug|x64
		{398123B9-54C2-4AE3-834D-00B36AC43EB2}.Release|Mixed Platforms.ActiveCfg = Release|Win32
		{398123B9-54C2-4AE3-834D-00B36AC43EB2}.Release|Mixed Platforms.Build.0 = Release|Win32
		{398123B9-54C2-4AE3-834D-00B36AC43EB2}.Release|Win32.ActiveCfg = Release|Win32
		{398123B9-54C2-4AE3-834D-00B36AC43EB2}.Release|Win32.Build.0 = Release|Win32
		{398123B9-54C2-4AE3-834D-00B36AC43EB2}.Release|x64.ActiveCfg = Release|x64
		{398123B9-54C2-4AE3-834D-00B36AC43EB2}.RelWithDebInfo|Mixed Platforms.ActiveCfg = Release|Win32
		{398123B9-54C2-4AE3-834D-00B36AC43EB2}.RelWithDebInfo|Mixed Platforms.Build.0 = Release|Win32
		{398123B9-54C2-4AE3-834D-00B36AC43EB2}.RelWithDebInfo|Win32.ActiveCfg = Release|Win32
		{398123B9-54C2-4AE3-834D-00B36AC43EB2}.RelWithDebInfo|Win32.Build.0 = Release|Win32
		{398123B9-54C2-4AE3-834D-00B36AC43EB2}.RelWithDebInfo|x64.ActiveCfg = Release|Win32
		{E2F51C8A-BF8C-46DB-86D2-A61979813C70}.Debug|Mixed Platforms.ActiveCfg = Debug|Win32
		{E2F51C8A-BF8C-46DB-86D2-A61979813C70}.Debug|Mixed Platforms.Build.0 = Debug|Win32
		{E2F51C8A-BF8C-46DB-86D2-A61979813C70}.Debug|Win32.ActiveCfg = Debug|Win32
		{E2F51C8A-BF8C-46DB-86D2-A61979813C70}.Debug|Win32.Build.0 = Debug|Win32
		{E2F51C8A-BF8C-46DB-86D2-A61979813C70}.Debug|x64.ActiveCfg = Debug|x64
		{E2F51C8A-BF8C-46DB-86D2-A61979813C70}.Debug|x64.Build.0 = Debug|x64
		{E2F51C8A-BF8C-46DB-86D2-A61979813C70}.Release|Mixed Platforms.ActiveCfg = Release|Win32
		{E2F51C8A-BF8C-46DB-86D2-A61979813C70}.Release|Mixed Platforms.Build.0 = Release|Win32
		{E2F51C8A-BF8C-46DB-86D2-A61979813C70}.Release|Win32.ActiveCfg = Release|Win32
		{E2F51C8A-BF8C-46DB-86D2-A61979813C70}.Release|Win32.Build.0 = Release|Win32
		{E2F51C8A-BF8C-46DB-86D2-A61979813C70}.Release|x64.ActiveCfg = Release|x64
		{E2F51C8A-BF8C-46DB-86D2-A61979813C70}.RelWithDebInfo|Mixed Platforms.ActiveCfg = Release|Win32
		{E2F51C8A-BF8C-46DB-86D2-A61979813C70}.RelWithDebInfo|Mixed Platforms.Build.0 = Release|Win32
		{E2F51C8A-BF8C-46DB-86D2-A61979813C70}.RelWithDebInfo|Win32.ActiveCfg = Release|Win32
		{E2F51C8A-BF8C-46DB-86D2-A61979813C70}.RelWithDebInfo|Win32.Build.0 = Release|Win32
		{E2F51C8A-BF8C-46DB-86D2-A61979813C70}.RelWithDebInfo|x64.ActiveCfg = Release|Win32
		{284825AB-1430-40A4-8F08-5810C5559687}.Debug|Mixed Platforms.ActiveCfg = Debug|Win32
		{284825AB-1430-40A4-8F08-5810C5559687}.Debug|Mixed Platforms.Build.0 = Debug|Win32
		{284825AB-1430-40A4-8F08-5810C5559687}.Debug|Win32.ActiveCfg = Debug|Win32
		{284825AB-1430-40A4-8F08-5810C5559687}.Debug|Win32.Build.0 = Debug|Win32
		{284825AB-1430-40A4-8F08-5810C5559687}.Debug|x64.ActiveCfg = Debug|x64
		{284825AB-1430-40A4-8F08-5810C5559687}.Debug|x64.Build.0 = Debug|x64
		{284825AB-1430-40A4-8F08-5810C5559687}.Release|Mixed Platforms.ActiveCfg = Release|Win32
		{284825AB-1430-40A4-8F08-5810C5559687}.Release|Mixed Platforms.Build.0 = Release|Win32
		{284825AB-1430-40A4-8F08-5810C5559687}.Release|Win32.ActiveCfg = Release|Win32
		{284825AB-1430-40A4-8F08-5810C5559687}.Release|Win32.Build.0 = Release|Win32
		{284825AB-1430-40A4-8F08-5810C5559687}.Release|x64.ActiveCfg = Release|x64
		{284825AB-1430-40A4-8F08-5810C5559687}.RelWithDebInfo|Mixed Platforms.ActiveCfg = Release|Win32
		{284825AB-1430-40A4-8F08-5810C5559687}.RelWithDebInfo|Mixed Platforms.Build.0 = Release|Win32
		{284825AB-1430-40A4-8F08-5810C5559687}.RelWithDebInfo|Win32.ActiveCfg = Release|Win32
		{284825AB-1430-40A4-8F08-5810C5559687}.RelWithDebInfo|Win32.Build.0 = Release|Win32
		{284825AB-1430-40A4-8F08-5810C5559687}.RelWithDebInfo|x64.ActiveCfg = Release|Win32
	EndGlobalSection
	GlobalSection(SolutionProperties) = preSolution
		HideSolutionNode = FALSE
	EndGlobalSection
EndGlobal
