<?xml version="1.0" encoding="utf-8"?>
<Project ToolsVersion="4.0" xmlns="http://schemas.microsoft.com/developer/msbuild/2003">
  <ItemGroup>
    <Filter Include="Source Files">
      <UniqueIdentifier>{4FC737F1-C7A5-4376-A066-2A32D752A2FF}</UniqueIdentifier>
      <Extensions>cpp;c;cc;cxx;def;odl;idl;hpj;bat;asm;asmx</Extensions>
    </Filter>
    <Filter Include="Header Files">
      <UniqueIdentifier>{93995380-89BD-4b04-88EB-625FBE52EBFB}</UniqueIdentifier>
      <Extensions>h;hpp;hxx;hm;inl;inc;xsd</Extensions>
    </Filter>
    <Filter Include="Resource Files">
      <UniqueIdentifier>{67DA6AB6-F800-4c08-8B7A-83BB121AAD01}</UniqueIdentifier>
      <Extensions>rc;ico;cur;bmp;dlg;rc2;rct;bin;rgs;gif;jpg;jpeg;jpe;resx;tiff;tif;png;wav</Extensions>
    </Filter>
  </ItemGroup>
  <ItemGroup>
    <ClCompile Include="game\apocresources\apocfont.cpp">
      <Filter>Source Files</Filter>
    </ClCompile>
    <ClCompile Include="game\boot.cpp">
      <Filter>Source Files</Filter>
    </ClCompile>
    <ClCompile Include="library\configfile.cpp">
      <Filter>Source Files</Filter>
    </ClCompile>
    <ClCompile Include="game\apocresources\cursor.cpp">
      <Filter>Source Files</Filter>
    </ClCompile>
    <ClCompile Include="framework\event.cpp">
      <Filter>Source Files</Filter>
    </ClCompile>
    <ClCompile Include="framework\framework.cpp">
      <Filter>Source Files</Filter>
    </ClCompile>
    <ClCompile Include="framework\main.cpp">
      <Filter>Source Files</Filter>
    </ClCompile>
    <ClCompile Include="game\general\mainmenu.cpp">
      <Filter>Source Files</Filter>
    </ClCompile>
    <ClCompile Include="library\memory.cpp">
      <Filter>Source Files</Filter>
    </ClCompile>
    <ClCompile Include="game\apocresources\music.cpp">
      <Filter>Source Files</Filter>
    </ClCompile>
    <ClCompile Include="game\apocresources\pck.cpp">
      <Filter>Source Files</Filter>
    </ClCompile>
    <ClCompile Include="game\apocresources\rawsound.cpp">
      <Filter>Source Files</Filter>
    </ClCompile>
    <ClCompile Include="framework\stagestack.cpp">
      <Filter>Source Files</Filter>
    </ClCompile>
    <ClCompile Include="framework\data.cpp">
      <Filter>Source Files</Filter>
    </ClCompile>
    <ClCompile Include="forms\control.cpp">
      <Filter>Source Files</Filter>
    </ClCompile>
    <ClCompile Include="forms\form.cpp">
      <Filter>Source Files</Filter>
    </ClCompile>
    <ClCompile Include="forms\graphic.cpp">
      <Filter>Source Files</Filter>
    </ClCompile>
    <ClCompile Include="forms\label.cpp">
      <Filter>Source Files</Filter>
    </ClCompile>
    <ClCompile Include="forms\textbutton.cpp">
      <Filter>Source Files</Filter>
    </ClCompile>
    <ClCompile Include="forms\graphicbutton.cpp">
      <Filter>Source Files</Filter>
    </ClCompile>
    <ClCompile Include="game\resources\gamecore.cpp">
      <Filter>Source Files</Filter>
    </ClCompile>
    <ClCompile Include="forms\checkbox.cpp">
      <Filter>Source Files</Filter>
    </ClCompile>
    <ClCompile Include="game\general\optionsmenu.cpp">
      <Filter>Source Files</Filter>
    </ClCompile>
    <ClCompile Include="forms\vscrollbar.cpp">
      <Filter>Source Files</Filter>
    </ClCompile>
    <ClCompile Include="forms\hscrollbar.cpp">
      <Filter>Source Files</Filter>
    </ClCompile>
    <ClCompile Include="forms\list.cpp">
      <Filter>Source Files</Filter>
    </ClCompile>
    <ClCompile Include="forms\textedit.cpp">
      <Filter>Source Files</Filter>
    </ClCompile>
    <ClCompile Include="game\city\city.cpp">
      <Filter>Source Files</Filter>
    </ClCompile>
    <ClCompile Include="game\general\difficultymenu.cpp">
      <Filter>Source Files</Filter>
    </ClCompile>
    <ClCompile Include="framework\image.cpp">
      <Filter>Source Files</Filter>
    </ClCompile>
    <ClCompile Include="game\city\building.cpp">
      <Filter>Source Files</Filter>
    </ClCompile>
    <ClCompile Include="game\tileview\tile.cpp">
      <Filter>Source Files</Filter>
    </ClCompile>
    <ClCompile Include="game\tileview\tileview.cpp">
      <Filter>Source Files</Filter>
    </ClCompile>
    <ClCompile Include="game\gamestate.cpp">
      <Filter>Source Files</Filter>
    </ClCompile>
    <ClCompile Include="game\city\vehicle.cpp">
      <Filter>Source Files</Filter>
    </ClCompile>
    <ClCompile Include="framework\palette.cpp">
      <Filter>Source Files</Filter>
    </ClCompile>
    <ClCompile Include="framework\renderer.cpp">
      <Filter>Source Files</Filter>
    </ClCompile>
    <ClCompile Include="framework\imageloader\allegro_image.cpp">
      <Filter>Source Files</Filter>
    </ClCompile>
    <ClCompile Include="framework\ignorecase.c">
      <Filter>Source Files</Filter>
    </ClCompile>
    <ClCompile Include="game\apocresources\apocpalette.cpp">
      <Filter>Source Files</Filter>
    </ClCompile>
    <ClCompile Include="framework\font.cpp">
      <Filter>Source Files</Filter>
    </ClCompile>
    <ClCompile Include="framework\logger.cpp">
      <Filter>Source Files</Filter>
    </ClCompile>
    <ClCompile Include="framework\sound.cpp">
      <Filter>Source Files</Filter>
    </ClCompile>
    <ClCompile Include="framework\sound\allegro_backend.cpp">
      <Filter>Source Files</Filter>
    </ClCompile>
    <ClCompile Include="framework\sound\null_backend.cpp">
      <Filter>Source Files</Filter>
    </ClCompile>
    <ClCompile Include="game\ufopaedia\ufopaedia.cpp">
      <Filter>Source Files</Filter>
    </ClCompile>
    <ClCompile Include="library\strings.cpp">
      <Filter>Source Files</Filter>
    </ClCompile>
    <ClCompile Include="game\debugtools\debugmenu.cpp">
      <Filter>Source Files</Filter>
    </ClCompile>
    <ClCompile Include="game\apocresources\rawimage.cpp">
      <Filter>Source Files</Filter>
    </ClCompile>
    <ClCompile Include="game\city\cityview.cpp">
      <Filter>Source Files</Filter>
    </ClCompile>
    <ClCompile Include="game\city\scorescreen.cpp">
      <Filter>Source Files</Filter>
    </ClCompile>
    <ClCompile Include="game\city\infiltrationscreen.cpp">
      <Filter>Source Files</Filter>
    </ClCompile>
    <ClCompile Include="game\general\ingameoptions.cpp">
      <Filter>Source Files</Filter>
    </ClCompile>
    <ClCompile Include="game\tileview\voxel.cpp">
      <Filter>Source Files</Filter>
    </ClCompile>
    <ClCompile Include="game\apocresources\loftemps.cpp">
      <Filter>Source Files</Filter>
    </ClCompile>
    <ClCompile Include="game\rules\rules.cpp">
      <Filter>Source Files</Filter>
    </ClCompile>
    <ClCompile Include="game\rules\vehicledef_rules.cpp">
      <Filter>Source Files</Filter>
    </ClCompile>
    <ClCompile Include="game\rules\citydef_rules.cpp">
      <Filter>Source Files</Filter>
    </ClCompile>
    <ClCompile Include="game\rules\organisationdef_rules.cpp">
      <Filter>Source Files</Filter>
    </ClCompile>
    <ClCompile Include="game\organisation.cpp">
      <Filter>Source Files</Filter>
    </ClCompile>
    <ClCompile Include="game\ufopaedia\ufopaediaentry.cpp">
      <Filter>Source Files</Filter>
    </ClCompile>
    <ClCompile Include="game\ufopaedia\ufopaediacategory.cpp">
      <Filter>Source Files</Filter>
    </ClCompile>
    <ClCompile Include="framework\render\gl30\ogl_3_0_renderer.cpp">
      <Filter>Source Files</Filter>
    </ClCompile>
    <ClCompile Include="game\rules\weapondef_rules.cpp">
      <Filter>Source Files</Filter>
    </ClCompile>
    <ClCompile Include="game\rules\rules_helper.cpp">
      <Filter>Source Files</Filter>
    </ClCompile>
    <ClCompile Include="game\city\weapon.cpp">
      <Filter>Source Files</Filter>
    </ClCompile>
    <ClCompile Include="game\city\vehiclemission.cpp">
      <Filter>Source Files</Filter>
    </ClCompile>
    <ClCompile Include="game\debugtools\formpreview.cpp">
      <Filter>Source Files</Filter>
    </ClCompile>
    <ClCompile Include="game\rules\facilitydef_rules.cpp">
      <Filter>Source Files</Filter>
    </ClCompile>
    <ClCompile Include="game\base\basescreen.cpp">
      <Filter>Source Files</Filter>
    </ClCompile>
    <ClCompile Include="game\city\buildingscreen.cpp">
      <Filter>Source Files</Filter>
    </ClCompile>
    <ClCompile Include="framework\render\gl20\ogl_2_0_renderer.cpp">
      <Filter>Source Files</Filter>
    </ClCompile>
    <ClCompile Include="game\base\base.cpp">
      <Filter>Source Files</Filter>
    </ClCompile>
    <ClCompile Include="game\base\facility.cpp">
      <Filter>Source Files</Filter>
    </ClCompile>
    <ClCompile Include="framework\physfs_fs.cpp">
      <Filter>Source Files</Filter>
    </ClCompile>
    <ClCompile Include="game\city\scenery.cpp">
      <Filter>Source Files</Filter>
    </ClCompile>
    <ClCompile Include="game\tileview\tileobject.cpp">
      <Filter>Source Files</Filter>
    </ClCompile>
    <ClCompile Include="game\tileview\tileobject_projectile.cpp">
      <Filter>Source Files</Filter>
    </ClCompile>
    <ClCompile Include="game\tileview\tileobject_scenery.cpp">
      <Filter>Source Files</Filter>
    </ClCompile>
    <ClCompile Include="game\tileview\tileobject_vehicle.cpp">
      <Filter>Source Files</Filter>
    </ClCompile>
    <ClCompile Include="game\city\projectile.cpp">
      <Filter>Source Files</Filter>
    </ClCompile>
    <ClCompile Include="game\city\doodad.cpp">
      <Filter>Source Files</Filter>
    </ClCompile>
    <ClCompile Include="game\rules\doodad_rules.cpp">
      <Filter>Source Files</Filter>
    </ClCompile>
    <ClCompile Include="game\tileview\tileobject_doodad.cpp">
      <Filter>Source Files</Filter>
    </ClCompile>
    <ClCompile Include="framework\trace.cpp">
      <Filter>Source Files</Filter>
    </ClCompile>
    <ClCompile Include="game\tileview\tileobject_shadow.cpp">
      <Filter>Source Files</Filter>
    </ClCompile>
    <ClCompile Include="game\rules\alises.cpp">
      <Filter>Source Files</Filter>
    </ClCompile>
  </ItemGroup>
  <ItemGroup>
    <ClInclude Include="library\angle.h">
      <Filter>Header Files</Filter>
    </ClInclude>
    <ClInclude Include="game\apocresources\apocfont.h">
      <Filter>Header Files</Filter>
    </ClInclude>
    <ClInclude Include="game\boot.h">
      <Filter>Header Files</Filter>
    </ClInclude>
    <ClInclude Include="library\box.h">
      <Filter>Header Files</Filter>
    </ClInclude>
    <ClInclude Include="library\configfile.h">
      <Filter>Header Files</Filter>
    </ClInclude>
    <ClInclude Include="game\apocresources\cursor.h">
      <Filter>Header Files</Filter>
    </ClInclude>
    <ClInclude Include="framework\event.h">
      <Filter>Header Files</Filter>
    </ClInclude>
    <ClInclude Include="framework\framework.h">
      <Filter>Header Files</Filter>
    </ClInclude>
    <ClInclude Include="framework\includes.h">
      <Filter>Header Files</Filter>
    </ClInclude>
    <ClInclude Include="library\line.h">
      <Filter>Header Files</Filter>
    </ClInclude>
    <ClInclude Include="game\general\mainmenu.h">
      <Filter>Header Files</Filter>
    </ClInclude>
    <ClInclude Include="library\memory.h">
      <Filter>Header Files</Filter>
    </ClInclude>
    <ClInclude Include="game\apocresources\pck.h">
      <Filter>Header Files</Filter>
    </ClInclude>
    <ClInclude Include="framework\stage.h">
      <Filter>Header Files</Filter>
    </ClInclude>
    <ClInclude Include="framework\stagestack.h">
      <Filter>Header Files</Filter>
    </ClInclude>
    <ClInclude Include="framework\data.h">
      <Filter>Header Files</Filter>
    </ClInclude>
    <ClInclude Include="forms\control.h">
      <Filter>Header Files</Filter>
    </ClInclude>
    <ClInclude Include="forms\form.h">
      <Filter>Header Files</Filter>
    </ClInclude>
    <ClInclude Include="forms\forms.h">
      <Filter>Header Files</Filter>
    </ClInclude>
    <ClInclude Include="forms\graphic.h">
      <Filter>Header Files</Filter>
    </ClInclude>
    <ClInclude Include="forms\label.h">
      <Filter>Header Files</Filter>
    </ClInclude>
    <ClInclude Include="forms\forms_enums.h">
      <Filter>Header Files</Filter>
    </ClInclude>
    <ClInclude Include="forms\textbutton.h">
      <Filter>Header Files</Filter>
    </ClInclude>
    <ClInclude Include="forms\graphicbutton.h">
      <Filter>Header Files</Filter>
    </ClInclude>
    <ClInclude Include="game\apocresources\apocresource.h">
      <Filter>Header Files</Filter>
    </ClInclude>
    <ClInclude Include="game\resources\gamecore.h">
      <Filter>Header Files</Filter>
    </ClInclude>
    <ClInclude Include="library\strings.h">
      <Filter>Header Files</Filter>
    </ClInclude>
    <ClInclude Include="forms\checkbox.h">
      <Filter>Header Files</Filter>
    </ClInclude>
    <ClInclude Include="game\general\optionsmenu.h">
      <Filter>Header Files</Filter>
    </ClInclude>
    <ClInclude Include="forms\vscrollbar.h">
      <Filter>Header Files</Filter>
    </ClInclude>
    <ClInclude Include="forms\hscrollbar.h">
      <Filter>Header Files</Filter>
    </ClInclude>
    <ClInclude Include="forms\list.h">
      <Filter>Header Files</Filter>
    </ClInclude>
    <ClInclude Include="forms\textedit.h">
      <Filter>Header Files</Filter>
    </ClInclude>
    <ClInclude Include="game\city\city.h">
      <Filter>Header Files</Filter>
    </ClInclude>
    <ClInclude Include="game\general\difficultymenu.h">
      <Filter>Header Files</Filter>
    </ClInclude>
    <ClInclude Include="framework\image.h">
      <Filter>Header Files</Filter>
    </ClInclude>
    <ClInclude Include="game\city\building.h">
      <Filter>Header Files</Filter>
    </ClInclude>
    <ClInclude Include="game\city\vehicle.h">
      <Filter>Header Files</Filter>
    </ClInclude>
    <ClInclude Include="library\rect.h">
      <Filter>Header Files</Filter>
    </ClInclude>
    <ClInclude Include="library\vec.h">
      <Filter>Header Files</Filter>
    </ClInclude>
    <ClInclude Include="game\tileview\tile.h">
      <Filter>Header Files</Filter>
    </ClInclude>
    <ClInclude Include="game\tileview\tileview.h">
      <Filter>Header Files</Filter>
    </ClInclude>
    <ClInclude Include="library\colour.h">
      <Filter>Header Files</Filter>
    </ClInclude>
    <ClInclude Include="game\gamestate.h">
      <Filter>Header Files</Filter>
    </ClInclude>
    <ClInclude Include="framework\palette.h">
      <Filter>Header Files</Filter>
    </ClInclude>
    <ClInclude Include="framework\renderer.h">
      <Filter>Header Files</Filter>
    </ClInclude>
    <ClInclude Include="framework\ignorecase.h">
      <Filter>Header Files</Filter>
    </ClInclude>
    <ClInclude Include="framework\font.h">
      <Filter>Header Files</Filter>
    </ClInclude>
    <ClInclude Include="framework\imageloader_interface.h">
      <Filter>Header Files</Filter>
    </ClInclude>
    <ClInclude Include="framework\logger.h">
      <Filter>Header Files</Filter>
    </ClInclude>
    <ClInclude Include="framework\musicloader_interface.h">
      <Filter>Header Files</Filter>
    </ClInclude>
    <ClInclude Include="framework\renderer_interface.h">
      <Filter>Header Files</Filter>
    </ClInclude>
    <ClInclude Include="framework\sampleloader_interface.h">
      <Filter>Header Files</Filter>
    </ClInclude>
    <ClInclude Include="framework\sound.h">
      <Filter>Header Files</Filter>
    </ClInclude>
    <ClInclude Include="framework\sound_interface.h">
      <Filter>Header Files</Filter>
    </ClInclude>
    <ClInclude Include="game\ufopaedia\ufopaedia.h">
      <Filter>Header Files</Filter>
    </ClInclude>
    <ClInclude Include="game\apocresources\apocpalette.h">
      <Filter>Header Files</Filter>
    </ClInclude>
    <ClInclude Include="game\debugtools\debugmenu.h">
      <Filter>Header Files</Filter>
    </ClInclude>
    <ClInclude Include="game\apocresources\rawimage.h">
      <Filter>Header Files</Filter>
    </ClInclude>
    <ClInclude Include="game\city\cityview.h">
      <Filter>Header Files</Filter>
    </ClInclude>
    <ClInclude Include="game\city\scorescreen.h">
      <Filter>Header Files</Filter>
    </ClInclude>
    <ClInclude Include="game\city\infiltrationscreen.h">
      <Filter>Header Files</Filter>
    </ClInclude>
    <ClInclude Include="game\general\ingameoptions.h">
      <Filter>Header Files</Filter>
    </ClInclude>
    <ClInclude Include="game\apocresources\loftemps.h">
      <Filter>Header Files</Filter>
    </ClInclude>
    <ClInclude Include="game\rules\rules.h">
      <Filter>Header Files</Filter>
    </ClInclude>
    <ClInclude Include="game\rules\rules_private.h">
      <Filter>Header Files</Filter>
    </ClInclude>
    <ClInclude Include="game\rules\vehicledef.h">
      <Filter>Header Files</Filter>
    </ClInclude>
    <ClInclude Include="game\rules\buildingdef.h">
      <Filter>Header Files</Filter>
    </ClInclude>
    <ClInclude Include="game\rules\scenerytiledef.h">
      <Filter>Header Files</Filter>
    </ClInclude>
    <ClInclude Include="game\organisation.h">
      <Filter>Header Files</Filter>
    </ClInclude>
    <ClInclude Include="game\ufopaedia\ufopaediaentry.h">
      <Filter>Header Files</Filter>
    </ClInclude>
    <ClInclude Include="game\ufopaedia\ufopaediacategory.h">
      <Filter>Header Files</Filter>
    </ClInclude>
    <ClInclude Include="framework\render\gl30\gl_3_0.hpp">
      <Filter>Header Files</Filter>
    </ClInclude>
    <ClInclude Include="game\rules\weapondef.h">
      <Filter>Header Files</Filter>
    </ClInclude>
    <ClInclude Include="game\city\weapon.h">
      <Filter>Header Files</Filter>
    </ClInclude>
    <ClInclude Include="game\rules\rules_helper.h">
      <Filter>Header Files</Filter>
    </ClInclude>
    <ClInclude Include="game\tileview\voxel.h">
      <Filter>Header Files</Filter>
    </ClInclude>
    <ClInclude Include="game\city\vehiclemission.h">
      <Filter>Header Files</Filter>
    </ClInclude>
    <ClInclude Include="game\debugtools\formpreview.h">
      <Filter>Header Files</Filter>
    </ClInclude>
    <ClInclude Include="game\rules\facilitydef.h">
      <Filter>Header Files</Filter>
    </ClInclude>
    <ClInclude Include="game\base\basescreen.h">
      <Filter>Header Files</Filter>
    </ClInclude>
    <ClInclude Include="game\city\buildingscreen.h">
      <Filter>Header Files</Filter>
    </ClInclude>
    <ClInclude Include="framework\render\gl20\gl_2_0.hpp">
      <Filter>Header Files</Filter>
    </ClInclude>
    <ClInclude Include="game\base\base.h">
      <Filter>Header Files</Filter>
    </ClInclude>
    <ClInclude Include="game\base\facility.h">
      <Filter>Header Files</Filter>
    </ClInclude>
    <ClInclude Include="framework\fs.h">
      <Filter>Header Files</Filter>
    </ClInclude>
    <ClInclude Include="library\sp.h">
      <Filter>Header Files</Filter>
    </ClInclude>
    <ClInclude Include="game\city\scenery.h">
      <Filter>Header Files</Filter>
    </ClInclude>
    <ClInclude Include="game\tileview\tileobject.h">
      <Filter>Header Files</Filter>
    </ClInclude>
    <ClInclude Include="game\tileview\tileobject_scenery.h">
      <Filter>Header Files</Filter>
    </ClInclude>
    <ClInclude Include="game\tileview\tileobject_vehicle.h">
      <Filter>Header Files</Filter>
    </ClInclude>
    <ClInclude Include="game\tileview\tileobject_projectile.h">
      <Filter>Header Files</Filter>
    </ClInclude>
    <ClInclude Include="game\city\projectile.h">
      <Filter>Header Files</Filter>
    </ClInclude>
    <ClInclude Include="game\city\doodad.h">
      <Filter>Header Files</Filter>
    </ClInclude>
    <ClInclude Include="game\rules\doodaddef.h">
      <Filter>Header Files</Filter>
    </ClInclude>
    <ClInclude Include="game\tileview\tileobject_doodad.h">
      <Filter>Header Files</Filter>
    </ClInclude>
    <ClInclude Include="framework\trace.h">
      <Filter>Header Files</Filter>
    </ClInclude>
    <ClInclude Include="game\tileview\tileobject_shadow.h">
      <Filter>Header Files</Filter>
    </ClInclude>
    <ClInclude Include="game\rules\resource_aliases.h">
      <Filter>Header Files</Filter>
    </ClInclude>
  </ItemGroup>
  <ItemGroup>
    <ResourceCompile Include="apocicon.rc">
      <Filter>Resource Files</Filter>
    </ResourceCompile>
  </ItemGroup>
  <ItemGroup>
    <Image Include="apocicon.ico">
      <Filter>Resource Files</Filter>
    </Image>
  </ItemGroup>
  <ItemGroup>
    <None Include="framework\render\gl20\gl_2_0.inl">
      <Filter>Header Files</Filter>
    </None>
    <None Include="framework\render\gl30\gl_3_0.inl">
      <Filter>Header Files</Filter>
    </None>
    <None Include="library\strings.natvis" />
  </ItemGroup>
</Project>