<?xml version="1.0" encoding="utf-8"?>
<Project ToolsVersion="4.0" xmlns="http://schemas.microsoft.com/developer/msbuild/2003">
  <ItemGroup>
    <Filter Include="Source Files">
      <UniqueIdentifier>{4FC737F1-C7A5-4376-A066-2A32D752A2FF}</UniqueIdentifier>
      <Extensions>cpp;c;cc;cxx;def;odl;idl;hpj;bat;asm;asmx</Extensions>
    </Filter>
    <Filter Include="Header Files">
      <UniqueIdentifier>{93995380-89BD-4b04-88EB-625FBE52EBFB}</UniqueIdentifier>
      <Extensions>h;hpp;hxx;hm;inl;inc;xsd</Extensions>
    </Filter>
    <Filter Include="Resource Files">
      <UniqueIdentifier>{67DA6AB6-F800-4c08-8B7A-83BB121AAD01}</UniqueIdentifier>
      <Extensions>rc;ico;cur;bmp;dlg;rc2;rct;bin;rgs;gif;jpg;jpeg;jpe;resx;tiff;tif;png;wav</Extensions>
    </Filter>
  </ItemGroup>
  <ItemGroup>
    <ClCompile Include="game\apocresources\apocfont.cpp">
      <Filter>Source Files</Filter>
    </ClCompile>
    <ClCompile Include="game\boot.cpp">
      <Filter>Source Files</Filter>
    </ClCompile>
    <ClCompile Include="library\configfile.cpp">
      <Filter>Source Files</Filter>
    </ClCompile>
    <ClCompile Include="game\apocresources\cursor.cpp">
      <Filter>Source Files</Filter>
    </ClCompile>
    <ClCompile Include="framework\event.cpp">
      <Filter>Source Files</Filter>
    </ClCompile>
    <ClCompile Include="transitions\fadein.cpp">
      <Filter>Source Files</Filter>
    </ClCompile>
    <ClCompile Include="transitions\fadeout.cpp">
      <Filter>Source Files</Filter>
    </ClCompile>
    <ClCompile Include="framework\framework.cpp">
      <Filter>Source Files</Filter>
    </ClCompile>
    <ClCompile Include="shaders\greyscale.cpp">
      <Filter>Source Files</Filter>
    </ClCompile>
    <ClCompile Include="framework\main.cpp">
      <Filter>Source Files</Filter>
    </ClCompile>
    <ClCompile Include="game\general\mainmenu.cpp">
      <Filter>Source Files</Filter>
    </ClCompile>
    <ClCompile Include="library\memory.cpp">
      <Filter>Source Files</Filter>
    </ClCompile>
    <ClCompile Include="game\apocresources\music.cpp">
      <Filter>Source Files</Filter>
    </ClCompile>
    <ClCompile Include="game\apocresources\palette.cpp">
      <Filter>Source Files</Filter>
    </ClCompile>
    <ClCompile Include="game\apocresources\pck.cpp">
      <Filter>Source Files</Filter>
    </ClCompile>
    <ClCompile Include="game\apocresources\rawsound.cpp">
      <Filter>Source Files</Filter>
    </ClCompile>
    <ClCompile Include="shaders\scanlines.cpp">
      <Filter>Source Files</Filter>
    </ClCompile>
    <ClCompile Include="framework\stagestack.cpp">
      <Filter>Source Files</Filter>
    </ClCompile>
    <ClCompile Include="framework\data.cpp">
      <Filter>Source Files</Filter>
    </ClCompile>
    <ClCompile Include="forms\control.cpp">
      <Filter>Source Files</Filter>
    </ClCompile>
    <ClCompile Include="forms\form.cpp">
      <Filter>Source Files</Filter>
    </ClCompile>
    <ClCompile Include="forms\graphic.cpp">
      <Filter>Source Files</Filter>
    </ClCompile>
    <ClCompile Include="forms\label.cpp">
      <Filter>Source Files</Filter>
    </ClCompile>
    <ClCompile Include="forms\textbutton.cpp">
      <Filter>Source Files</Filter>
    </ClCompile>
    <ClCompile Include="forms\graphicbutton.cpp">
      <Filter>Source Files</Filter>
    </ClCompile>
    <ClCompile Include="game\resources\gamecore.cpp">
      <Filter>Source Files</Filter>
    </ClCompile>
    <ClCompile Include="game\resources\ttffont.cpp">
      <Filter>Source Files</Filter>
    </ClCompile>
    <ClCompile Include="forms\checkbox.cpp">
      <Filter>Source Files</Filter>
    </ClCompile>
    <ClCompile Include="game\general\optionsmenu.cpp">
      <Filter>Source Files</Filter>
    </ClCompile>
    <ClCompile Include="transitions\fadeacross.cpp">
      <Filter>Source Files</Filter>
    </ClCompile>
    <ClCompile Include="forms\vscrollbar.cpp">
      <Filter>Source Files</Filter>
    </ClCompile>
    <ClCompile Include="forms\hscrollbar.cpp">
      <Filter>Source Files</Filter>
    </ClCompile>
    <ClCompile Include="forms\list.cpp">
      <Filter>Source Files</Filter>
    </ClCompile>
    <ClCompile Include="forms\textedit.cpp">
      <Filter>Source Files</Filter>
    </ClCompile>
    <ClCompile Include="game\city\city.cpp">
      <Filter>Source Files</Filter>
    </ClCompile>
    <ClCompile Include="game\general\difficultymenu.cpp">
      <Filter>Source Files</Filter>
    </ClCompile>
    <ClCompile Include="game\general\basescreen.cpp">
      <Filter>Source Files</Filter>
    </ClCompile>
    <ClCompile Include="framework\image.cpp">
      <Filter>Source Files</Filter>
    </ClCompile>
    <ClCompile Include="game\city\building.cpp">
      <Filter>Source Files</Filter>
    </ClCompile>
    <ClCompile Include="game\city\organisation.cpp">
      <Filter>Source Files</Filter>
    </ClCompile>
    <ClCompile Include="game\tileview\tile.cpp">
      <Filter>Source Files</Filter>
    </ClCompile>
    <ClCompile Include="game\tileview\tileview.cpp">
      <Filter>Source Files</Filter>
    </ClCompile>
    <ClCompile Include="game\city\buildingtile.cpp">
      <Filter>Source Files</Filter>
    </ClCompile>
    <ClCompile Include="game\gamestate.cpp">
      <Filter>Source Files</Filter>
    </ClCompile>
  </ItemGroup>
  <ItemGroup>
    <ClInclude Include="library\angle.h">
      <Filter>Header Files</Filter>
    </ClInclude>
    <ClInclude Include="game\apocresources\apocfont.h">
      <Filter>Header Files</Filter>
    </ClInclude>
    <ClInclude Include="game\boot.h">
      <Filter>Header Files</Filter>
    </ClInclude>
    <ClInclude Include="library\box.h">
      <Filter>Header Files</Filter>
    </ClInclude>
    <ClInclude Include="library\configfile.h">
      <Filter>Header Files</Filter>
    </ClInclude>
    <ClInclude Include="game\apocresources\cursor.h">
      <Filter>Header Files</Filter>
    </ClInclude>
    <ClInclude Include="framework\event.h">
      <Filter>Header Files</Filter>
    </ClInclude>
    <ClInclude Include="transitions\fadein.h">
      <Filter>Header Files</Filter>
    </ClInclude>
    <ClInclude Include="transitions\fadeout.h">
      <Filter>Header Files</Filter>
    </ClInclude>
    <ClInclude Include="framework\framework.h">
      <Filter>Header Files</Filter>
    </ClInclude>
    <ClInclude Include="shaders\greyscale.h">
      <Filter>Header Files</Filter>
    </ClInclude>
    <ClInclude Include="framework\includes.h">
      <Filter>Header Files</Filter>
    </ClInclude>
    <ClInclude Include="library\line.h">
      <Filter>Header Files</Filter>
    </ClInclude>
    <ClInclude Include="game\general\mainmenu.h">
      <Filter>Header Files</Filter>
    </ClInclude>
    <ClInclude Include="library\maths.h">
      <Filter>Header Files</Filter>
    </ClInclude>
    <ClInclude Include="library\memory.h">
      <Filter>Header Files</Filter>
    </ClInclude>
    <ClInclude Include="game\apocresources\music.h">
      <Filter>Header Files</Filter>
    </ClInclude>
    <ClInclude Include="game\apocresources\palette.h">
      <Filter>Header Files</Filter>
    </ClInclude>
    <ClInclude Include="game\apocresources\pck.h">
      <Filter>Header Files</Filter>
    </ClInclude>
    <ClInclude Include="game\apocresources\rawsound.h">
      <Filter>Header Files</Filter>
    </ClInclude>
    <ClInclude Include="shaders\scanlines.h">
      <Filter>Header Files</Filter>
    </ClInclude>
    <ClInclude Include="shaders\shader.h">
      <Filter>Header Files</Filter>
    </ClInclude>
    <ClInclude Include="shaders\shaders.h">
      <Filter>Header Files</Filter>
    </ClInclude>
    <ClInclude Include="framework\stage.h">
      <Filter>Header Files</Filter>
    </ClInclude>
    <ClInclude Include="framework\stagestack.h">
      <Filter>Header Files</Filter>
    </ClInclude>
    <ClInclude Include="library\tilemap.h">
      <Filter>Header Files</Filter>
    </ClInclude>
    <ClInclude Include="transitions\transitions.h">
      <Filter>Header Files</Filter>
    </ClInclude>
    <ClInclude Include="framework\data.h">
      <Filter>Header Files</Filter>
    </ClInclude>
    <ClInclude Include="forms\control.h">
      <Filter>Header Files</Filter>
    </ClInclude>
    <ClInclude Include="forms\form.h">
      <Filter>Header Files</Filter>
    </ClInclude>
    <ClInclude Include="forms\forms.h">
      <Filter>Header Files</Filter>
    </ClInclude>
    <ClInclude Include="forms\graphic.h">
      <Filter>Header Files</Filter>
    </ClInclude>
    <ClInclude Include="forms\label.h">
      <Filter>Header Files</Filter>
    </ClInclude>
    <ClInclude Include="forms\forms_enums.h">
      <Filter>Header Files</Filter>
    </ClInclude>
    <ClInclude Include="forms\textbutton.h">
      <Filter>Header Files</Filter>
    </ClInclude>
    <ClInclude Include="forms\graphicbutton.h">
      <Filter>Header Files</Filter>
    </ClInclude>
    <ClInclude Include="game\apocresources\apocresource.h">
      <Filter>Header Files</Filter>
    </ClInclude>
    <ClInclude Include="game\resources\gamecore.h">
      <Filter>Header Files</Filter>
    </ClInclude>
    <ClInclude Include="game\resources\ifont.h">
      <Filter>Header Files</Filter>
    </ClInclude>
    <ClInclude Include="game\resources\ttffont.h">
      <Filter>Header Files</Filter>
    </ClInclude>
    <ClInclude Include="library\strings.h">
      <Filter>Header Files</Filter>
    </ClInclude>
    <ClInclude Include="forms\checkbox.h">
      <Filter>Header Files</Filter>
    </ClInclude>
    <ClInclude Include="game\general\optionsmenu.h">
      <Filter>Header Files</Filter>
    </ClInclude>
    <ClInclude Include="transitions\fadeacross.h">
      <Filter>Header Files</Filter>
    </ClInclude>
    <ClInclude Include="forms\vscrollbar.h">
      <Filter>Header Files</Filter>
    </ClInclude>
    <ClInclude Include="forms\hscrollbar.h">
      <Filter>Header Files</Filter>
    </ClInclude>
    <ClInclude Include="forms\list.h">
      <Filter>Header Files</Filter>
    </ClInclude>
    <ClInclude Include="forms\textedit.h">
      <Filter>Header Files</Filter>
    </ClInclude>
    <ClInclude Include="game\city\city.h">
      <Filter>Header Files</Filter>
    </ClInclude>
    <ClInclude Include="game\general\difficultymenu.h">
      <Filter>Header Files</Filter>
    </ClInclude>
    <ClInclude Include="game\general\basescreen.h">
      <Filter>Header Files</Filter>
    </ClInclude>
    <ClInclude Include="framework\image.h">
      <Filter>Header Files</Filter>
    </ClInclude>
    <ClInclude Include="game\city\building.h">
      <Filter>Header Files</Filter>
    </ClInclude>
    <ClInclude Include="game\city\organisation.h">
      <Filter>Header Files</Filter>
    </ClInclude>
    <ClInclude Include="game\city\vehicle.h">
      <Filter>Header Files</Filter>
    </ClInclude>
    <ClInclude Include="library\rect.h">
      <Filter>Header Files</Filter>
    </ClInclude>
    <ClInclude Include="library\vec.h">
      <Filter>Header Files</Filter>
    </ClInclude>
    <ClInclude Include="game\tileview\tile.h">
      <Filter>Header Files</Filter>
    </ClInclude>
    <ClInclude Include="game\tileview\tileview.h">
      <Filter>Header Files</Filter>
    </ClInclude>
    <ClInclude Include="game\city\buildingtile.h">
      <Filter>Header Files</Filter>
    </ClInclude>
    <ClInclude Include="library\colour.h">
      <Filter>Header Files</Filter>
    </ClInclude>
    <ClInclude Include="game\gamestate.h">
      <Filter>Header Files</Filter>
    </ClInclude>
  </ItemGroup>
</Project>