<?xml version="1.0" encoding="utf-8"?>
<Project ToolsVersion="4.0" xmlns="http://schemas.microsoft.com/developer/msbuild/2003">
  <ItemGroup>
    <Filter Include="Source Files">
      <UniqueIdentifier>{4FC737F1-C7A5-4376-A066-2A32D752A2FF}</UniqueIdentifier>
      <Extensions>cpp;c;cc;cxx;def;odl;idl;hpj;bat;asm;asmx</Extensions>
    </Filter>
    <Filter Include="Header Files">
      <UniqueIdentifier>{93995380-89BD-4b04-88EB-625FBE52EBFB}</UniqueIdentifier>
      <Extensions>h;hh;hpp;hxx;hm;inl;inc;xsd</Extensions>
    </Filter>
    <Filter Include="Resource Files">
      <UniqueIdentifier>{67DA6AB6-F800-4c08-8B7A-83BB121AAD01}</UniqueIdentifier>
      <Extensions>rc;ico;cur;bmp;dlg;rc2;rct;bin;rgs;gif;jpg;jpeg;jpe;resx;tiff;tif;png;wav;mfcribbon-ms</Extensions>
    </Filter>
  </ItemGroup>
  <ItemGroup>
    <ClCompile Include="gamestate.cpp">
      <Filter>Source Files</Filter>
    </ClCompile>
    <ClCompile Include="gamestate_serialize.cpp">
      <Filter>Source Files</Filter>
    </ClCompile>
    <ClCompile Include="city\building.cpp">
      <Filter>Source Files</Filter>
    </ClCompile>
    <ClCompile Include="city\city.cpp">
      <Filter>Source Files</Filter>
    </ClCompile>
    <ClCompile Include="city\vehicle.cpp">
      <Filter>Source Files</Filter>
    </ClCompile>
    <ClCompile Include="city\vehiclemission.cpp">
      <Filter>Source Files</Filter>
    </ClCompile>
    <ClCompile Include="city\vequipment.cpp">
      <Filter>Source Files</Filter>
    </ClCompile>
    <ClCompile Include="savemanager.cpp">
      <Filter>Source Files</Filter>
    </ClCompile>
    <ClCompile Include="gametime.cpp">
      <Filter>Source Files</Filter>
    </ClCompile>
    <ClCompile Include="gameevent.cpp">
      <Filter>Source Files</Filter>
    </ClCompile>
    <ClCompile Include="battle\battle.cpp">
      <Filter>Source Files</Filter>
    </ClCompile>
    <ClCompile Include="message.cpp">
      <Filter>Source Files</Filter>
    </ClCompile>
    <ClCompile Include="battle\battlemappart.cpp">
      <Filter>Source Files</Filter>
    </ClCompile>
    <ClCompile Include="gamestate_serialize_generated.cpp">
      <Filter>Source Files</Filter>
    </ClCompile>
    <ClCompile Include="battle\battleunit.cpp">
      <Filter>Source Files</Filter>
    </ClCompile>
    <ClCompile Include="battle\battleitem.cpp">
      <Filter>Source Files</Filter>
    </ClCompile>
    <ClCompile Include="battle\battleforces.cpp">
      <Filter>Source Files</Filter>
    </ClCompile>
    <ClCompile Include="battle\battleunitmission.cpp">
      <Filter>Source Files</Filter>
    </ClCompile>
    <ClCompile Include="battle\battledoor.cpp">
      <Filter>Source Files</Filter>
    </ClCompile>
    <ClCompile Include="battle\battlehazard.cpp">
      <Filter>Source Files</Filter>
    </ClCompile>
    <ClCompile Include="battle\battleexplosion.cpp">
      <Filter>Source Files</Filter>
    </ClCompile>
    <ClCompile Include="battle\battlescanner.cpp">
      <Filter>Source Files</Filter>
    </ClCompile>
    <ClCompile Include="shared\doodad.cpp">
      <Filter>Source Files</Filter>
    </ClCompile>
    <ClCompile Include="shared\projectile.cpp">
      <Filter>Source Files</Filter>
    </ClCompile>
    <ClCompile Include="shared\aequipment.cpp">
      <Filter>Source Files</Filter>
    </ClCompile>
    <ClCompile Include="shared\agent.cpp">
      <Filter>Source Files</Filter>
    </ClCompile>
    <ClCompile Include="city\scenery.cpp">
      <Filter>Source Files</Filter>
    </ClCompile>
    <ClCompile Include="city\research.cpp">
      <Filter>Source Files</Filter>
    </ClCompile>
    <ClCompile Include="city\agentmission.cpp">
      <Filter>Source Files</Filter>
    </ClCompile>
    <ClCompile Include="shared\organisation.cpp">
      <Filter>Source Files</Filter>
    </ClCompile>
    <ClCompile Include="battle\ai\aidecision.cpp">
      <Filter>Source Files</Filter>
    </ClCompile>
    <ClCompile Include="battle\ai\tacticalai.cpp">
      <Filter>Source Files</Filter>
    </ClCompile>
    <ClCompile Include="battle\ai\tacticalaivanilla.cpp">
      <Filter>Source Files</Filter>
    </ClCompile>
    <ClCompile Include="battle\ai\unitai.cpp">
      <Filter>Source Files</Filter>
    </ClCompile>
    <ClCompile Include="battle\ai\unitaibehavior.cpp">
      <Filter>Source Files</Filter>
    </ClCompile>
    <ClCompile Include="battle\ai\unitaidefault.cpp">
      <Filter>Source Files</Filter>
    </ClCompile>
    <ClCompile Include="battle\ai\unitaihardcore.cpp">
      <Filter>Source Files</Filter>
    </ClCompile>
    <ClCompile Include="battle\ai\unitaihelper.cpp">
      <Filter>Source Files</Filter>
    </ClCompile>
    <ClCompile Include="battle\ai\unitailowmorale.cpp">
      <Filter>Source Files</Filter>
    </ClCompile>
    <ClCompile Include="battle\ai\unitaivanilla.cpp">
      <Filter>Source Files</Filter>
    </ClCompile>
    <ClCompile Include="city\base.cpp">
      <Filter>Source Files</Filter>
    </ClCompile>
    <ClCompile Include="city\facility.cpp">
      <Filter>Source Files</Filter>
    </ClCompile>
    <ClCompile Include="rules\battle\battlemap.cpp">
      <Filter>Source Files</Filter>
    </ClCompile>
    <ClCompile Include="rules\battle\battlemapsector.cpp">
      <Filter>Source Files</Filter>
    </ClCompile>
    <ClCompile Include="rules\battle\battlemaptileset.cpp">
      <Filter>Source Files</Filter>
    </ClCompile>
    <ClCompile Include="rules\battle\battleunitanimationpack.cpp">
      <Filter>Source Files</Filter>
    </ClCompile>
    <ClCompile Include="rules\battle\battleunitimagepack.cpp">
      <Filter>Source Files</Filter>
    </ClCompile>
    <ClCompile Include="rules\battle\damage.cpp">
      <Filter>Source Files</Filter>
    </ClCompile>
    <ClCompile Include="rules\city\ufopaedia.cpp">
      <Filter>Source Files</Filter>
    </ClCompile>
    <ClCompile Include="tilemap\collision.cpp">
      <Filter>Source Files</Filter>
    </ClCompile>
    <ClCompile Include="tilemap\pathfinding.cpp">
      <Filter>Source Files</Filter>
    </ClCompile>
    <ClCompile Include="tilemap\tile.cpp">
      <Filter>Source Files</Filter>
    </ClCompile>
    <ClCompile Include="tilemap\tileobject.cpp">
      <Filter>Source Files</Filter>
    </ClCompile>
    <ClCompile Include="tilemap\tileobject_battlehazard.cpp">
      <Filter>Source Files</Filter>
    </ClCompile>
    <ClCompile Include="tilemap\tileobject_battleitem.cpp">
      <Filter>Source Files</Filter>
    </ClCompile>
    <ClCompile Include="tilemap\tileobject_battlemappart.cpp">
      <Filter>Source Files</Filter>
    </ClCompile>
    <ClCompile Include="tilemap\tileobject_battleunit.cpp">
      <Filter>Source Files</Filter>
    </ClCompile>
    <ClCompile Include="tilemap\tileobject_doodad.cpp">
      <Filter>Source Files</Filter>
    </ClCompile>
    <ClCompile Include="tilemap\tileobject_projectile.cpp">
      <Filter>Source Files</Filter>
    </ClCompile>
    <ClCompile Include="tilemap\tileobject_scenery.cpp">
      <Filter>Source Files</Filter>
    </ClCompile>
    <ClCompile Include="tilemap\tileobject_shadow.cpp">
      <Filter>Source Files</Filter>
    </ClCompile>
    <ClCompile Include="tilemap\tileobject_vehicle.cpp">
      <Filter>Source Files</Filter>
    </ClCompile>
    <ClCompile Include="tilemap\tilemap.cpp">
      <Filter>Source Files</Filter>
    </ClCompile>
    <ClCompile Include="rules\supportedmappart.cpp">
      <Filter>Source Files</Filter>
    </ClCompile>
    <ClCompile Include="rules\city\baselayout.cpp">
      <Filter>Source Files</Filter>
    </ClCompile>
    <ClCompile Include="city\economyinfo.cpp">
      <Filter>Source Files</Filter>
    </ClCompile>
    <ClCompile Include="rules\doodadtype.cpp">
      <Filter>Source Files</Filter>
    </ClCompile>
    <ClCompile Include="rules\aequipmenttype.cpp">
      <Filter>Source Files</Filter>
    </ClCompile>
    <ClCompile Include="rules\battle\battlemapparttype.cpp">
      <Filter>Source Files</Filter>
    </ClCompile>
    <ClCompile Include="rules\city\facilitytype.cpp">
      <Filter>Source Files</Filter>
    </ClCompile>
    <ClCompile Include="rules\city\scenerytiletype.cpp">
      <Filter>Source Files</Filter>
    </ClCompile>
    <ClCompile Include="rules\city\vequipmenttype.cpp">
      <Filter>Source Files</Filter>
    </ClCompile>
    <ClCompile Include="rules\city\vehicletype.cpp">
      <Filter>Source Files</Filter>
    </ClCompile>
    <ClCompile Include="rules\city\vammotype.cpp">
      <Filter>Source Files</Filter>
    </ClCompile>
    <ClCompile Include="rules\city\ufoincursion.cpp">
      <Filter>Source Files</Filter>
    </ClCompile>
    <ClCompile Include="rules\city\ufogrowth.cpp">
      <Filter>Source Files</Filter>
    </ClCompile>
    <ClCompile Include="rules\agenttype.cpp">
      <Filter>Source Files</Filter>
    </ClCompile>
    <ClCompile Include="rules\city\ufomissionpreference.cpp">
      <Filter>Source Files</Filter>
    </ClCompile>
  </ItemGroup>
  <ItemGroup>
    <ClInclude Include="gamestate.h">
      <Filter>Header Files</Filter>
    </ClInclude>
    <ClInclude Include="stateobject.h">
      <Filter>Header Files</Filter>
    </ClInclude>
    <ClInclude Include="city\building.h">
      <Filter>Header Files</Filter>
    </ClInclude>
    <ClInclude Include="city\city.h">
      <Filter>Header Files</Filter>
    </ClInclude>
    <ClInclude Include="city\scenery.h">
      <Filter>Header Files</Filter>
    </ClInclude>
    <ClInclude Include="city\vehicle.h">
      <Filter>Header Files</Filter>
    </ClInclude>
    <ClInclude Include="city\vehiclemission.h">
      <Filter>Header Files</Filter>
    </ClInclude>
    <ClInclude Include="city\vequipment.h">
      <Filter>Header Files</Filter>
    </ClInclude>
    <ClInclude Include="savemanager.h">
      <Filter>Header Files</Filter>
    </ClInclude>
    <ClInclude Include="gametime.h">
      <Filter>Header Files</Filter>
    </ClInclude>
    <ClInclude Include="gameevent.h">
      <Filter>Header Files</Filter>
    </ClInclude>
    <ClInclude Include="gametime_facet.h">
      <Filter>Header Files</Filter>
    </ClInclude>
    <ClInclude Include="battle\battle.h">
      <Filter>Header Files</Filter>
    </ClInclude>
    <ClInclude Include="message.h">
      <Filter>Header Files</Filter>
    </ClInclude>
    <ClInclude Include="battle\battlemappart.h">
      <Filter>Header Files</Filter>
    </ClInclude>
    <ClInclude Include="gamestate_serialize_generated.h">
      <Filter>Header Files</Filter>
    </ClInclude>
    <ClInclude Include="battle\battleunit.h">
      <Filter>Header Files</Filter>
    </ClInclude>
    <ClInclude Include="battle\battleitem.h">
      <Filter>Header Files</Filter>
    </ClInclude>
    <ClInclude Include="battle\battleforces.h">
      <Filter>Header Files</Filter>
    </ClInclude>
    <ClInclude Include="battle\battleunitmission.h">
      <Filter>Header Files</Filter>
    </ClInclude>
    <ClInclude Include="battle\battledoor.h">
      <Filter>Header Files</Filter>
    </ClInclude>
    <ClInclude Include="battle\battleexplosion.h">
      <Filter>Header Files</Filter>
    </ClInclude>
    <ClInclude Include="battle\battlehazard.h">
      <Filter>Header Files</Filter>
    </ClInclude>
    <ClInclude Include="gamestate_serialize.h">
      <Filter>Header Files</Filter>
    </ClInclude>
    <ClInclude Include="battle\battlescanner.h">
      <Filter>Header Files</Filter>
    </ClInclude>
    <ClInclude Include="shared\doodad.h">
      <Filter>Header Files</Filter>
    </ClInclude>
    <ClInclude Include="shared\projectile.h">
      <Filter>Header Files</Filter>
    </ClInclude>
    <ClInclude Include="shared\aequipment.h">
      <Filter>Header Files</Filter>
    </ClInclude>
    <ClInclude Include="shared\agent.h">
      <Filter>Header Files</Filter>
    </ClInclude>
    <ClInclude Include="shared\equipment.h">
      <Filter>Header Files</Filter>
    </ClInclude>
    <ClInclude Include="city\research.h">
      <Filter>Header Files</Filter>
    </ClInclude>
    <ClInclude Include="city\agentmission.h">
      <Filter>Header Files</Filter>
    </ClInclude>
    <ClInclude Include="shared\organisation.h">
      <Filter>Header Files</Filter>
    </ClInclude>
    <ClInclude Include="battle\ai\aidecision.h">
      <Filter>Header Files</Filter>
    </ClInclude>
    <ClInclude Include="battle\ai\aitype.h">
      <Filter>Header Files</Filter>
    </ClInclude>
    <ClInclude Include="battle\ai\tacticalai.h">
      <Filter>Header Files</Filter>
    </ClInclude>
    <ClInclude Include="battle\ai\tacticalaivanilla.h">
      <Filter>Header Files</Filter>
    </ClInclude>
    <ClInclude Include="battle\ai\unitai.h">
      <Filter>Header Files</Filter>
    </ClInclude>
    <ClInclude Include="battle\ai\unitaibehavior.h">
      <Filter>Header Files</Filter>
    </ClInclude>
    <ClInclude Include="battle\ai\unitaidefault.h">
      <Filter>Header Files</Filter>
    </ClInclude>
    <ClInclude Include="battle\ai\unitaihardcore.h">
      <Filter>Header Files</Filter>
    </ClInclude>
    <ClInclude Include="battle\ai\unitaihelper.h">
      <Filter>Header Files</Filter>
    </ClInclude>
    <ClInclude Include="battle\ai\unitailowmorale.h">
      <Filter>Header Files</Filter>
    </ClInclude>
    <ClInclude Include="battle\ai\unitaivanilla.h">
      <Filter>Header Files</Filter>
    </ClInclude>
    <ClInclude Include="city\base.h">
      <Filter>Header Files</Filter>
    </ClInclude>
    <ClInclude Include="city\facility.h">
      <Filter>Header Files</Filter>
    </ClInclude>
    <ClInclude Include="rules\battle\battlecommonimagelist.h">
      <Filter>Header Files</Filter>
    </ClInclude>
    <ClInclude Include="rules\battle\battlecommonsamplelist.h">
      <Filter>Header Files</Filter>
    </ClInclude>
    <ClInclude Include="rules\battle\battlemap.h">
      <Filter>Header Files</Filter>
    </ClInclude>
    <ClInclude Include="rules\battle\battlemapsector.h">
      <Filter>Header Files</Filter>
    </ClInclude>
    <ClInclude Include="rules\battle\battlemaptileset.h">
      <Filter>Header Files</Filter>
    </ClInclude>
    <ClInclude Include="rules\battle\battleunitanimationpack.h">
      <Filter>Header Files</Filter>
    </ClInclude>
    <ClInclude Include="rules\battle\battleunitimagepack.h">
      <Filter>Header Files</Filter>
    </ClInclude>
    <ClInclude Include="rules\city\citycommonimagelist.h">
      <Filter>Header Files</Filter>
    </ClInclude>
    <ClInclude Include="rules\city\citycommonsamplelist.h">
      <Filter>Header Files</Filter>
    </ClInclude>
    <ClInclude Include="rules\city\ufopaedia.h">
      <Filter>Header Files</Filter>
    </ClInclude>
    <ClInclude Include="tilemap\collision.h">
      <Filter>Header Files</Filter>
    </ClInclude>
    <ClInclude Include="tilemap\tile.h">
      <Filter>Header Files</Filter>
    </ClInclude>
    <ClInclude Include="tilemap\tileobject.h">
      <Filter>Header Files</Filter>
    </ClInclude>
    <ClInclude Include="tilemap\tileobject_battlehazard.h">
      <Filter>Header Files</Filter>
    </ClInclude>
    <ClInclude Include="tilemap\tileobject_battleitem.h">
      <Filter>Header Files</Filter>
    </ClInclude>
    <ClInclude Include="tilemap\tileobject_battlemappart.h">
      <Filter>Header Files</Filter>
    </ClInclude>
    <ClInclude Include="tilemap\tileobject_battleunit.h">
      <Filter>Header Files</Filter>
    </ClInclude>
    <ClInclude Include="tilemap\tileobject_doodad.h">
      <Filter>Header Files</Filter>
    </ClInclude>
    <ClInclude Include="tilemap\tileobject_projectile.h">
      <Filter>Header Files</Filter>
    </ClInclude>
    <ClInclude Include="tilemap\tileobject_scenery.h">
      <Filter>Header Files</Filter>
    </ClInclude>
    <ClInclude Include="tilemap\tileobject_shadow.h">
      <Filter>Header Files</Filter>
    </ClInclude>
    <ClInclude Include="tilemap\tileobject_vehicle.h">
      <Filter>Header Files</Filter>
    </ClInclude>
    <ClInclude Include="tilemap\tilemap.h">
      <Filter>Header Files</Filter>
    </ClInclude>
    <ClInclude Include="rules\battle\damage.h">
      <Filter>Header Files</Filter>
    </ClInclude>
    <ClInclude Include="rules\supportedmappart.h">
      <Filter>Header Files</Filter>
    </ClInclude>
    <ClInclude Include="rules\city\baselayout.h">
      <Filter>Header Files</Filter>
    </ClInclude>
    <ClInclude Include="city\economyinfo.h">
      <Filter>Header Files</Filter>
    </ClInclude>
    <ClInclude Include="rules\doodadtype.h">
      <Filter>Header Files</Filter>
    </ClInclude>
    <ClInclude Include="rules\agenttype.h">
      <Filter>Header Files</Filter>
    </ClInclude>
    <ClInclude Include="rules\aequipmenttype.h">
      <Filter>Header Files</Filter>
    </ClInclude>
    <ClInclude Include="rules\battle\battlemapparttype.h">
      <Filter>Header Files</Filter>
    </ClInclude>
    <ClInclude Include="rules\city\facilitytype.h">
      <Filter>Header Files</Filter>
    </ClInclude>
    <ClInclude Include="rules\city\scenerytiletype.h">
      <Filter>Header Files</Filter>
    </ClInclude>
    <ClInclude Include="rules\city\vequipmenttype.h">
      <Filter>Header Files</Filter>
    </ClInclude>
    <ClInclude Include="rules\city\vehicletype.h">
      <Filter>Header Files</Filter>
    </ClInclude>
    <ClInclude Include="rules\city\vammotype.h">
      <Filter>Header Files</Filter>
    </ClInclude>
    <ClInclude Include="rules\city\ufoincursion.h">
      <Filter>Header Files</Filter>
    </ClInclude>
    <ClInclude Include="rules\city\ufogrowth.h">
      <Filter>Header Files</Filter>
    </ClInclude>
    <ClInclude Include="gameeventtypes.h">
      <Filter>Header Files</Filter>
    </ClInclude>
    <ClInclude Include="rules\city\ufomissionpreference.h">
      <Filter>Header Files</Filter>
    </ClInclude>
  </ItemGroup>
  <ItemGroup>
    <None Include="packages.config" />
  </ItemGroup>
  <ItemGroup>
    <Xml Include="gamestate_serialize.xml">
      <Filter>Resource Files</Filter>
    </Xml>
  </ItemGroup>
</Project>