<?xml version="1.0" encoding="utf-8"?>
<Project ToolsVersion="4.0" xmlns="http://schemas.microsoft.com/developer/msbuild/2003">
  <ItemGroup>
    <Filter Include="Source Files">
      <UniqueIdentifier>{4FC737F1-C7A5-4376-A066-2A32D752A2FF}</UniqueIdentifier>
      <Extensions>cpp;c;cc;cxx;def;odl;idl;hpj;bat;asm;asmx</Extensions>
    </Filter>
    <Filter Include="Header Files">
      <UniqueIdentifier>{93995380-89BD-4b04-88EB-625FBE52EBFB}</UniqueIdentifier>
      <Extensions>h;hh;hpp;hxx;hm;inl;inc;xsd</Extensions>
    </Filter>
    <Filter Include="Resource Files">
      <UniqueIdentifier>{67DA6AB6-F800-4c08-8B7A-83BB121AAD01}</UniqueIdentifier>
      <Extensions>rc;ico;cur;bmp;dlg;rc2;rct;bin;rgs;gif;jpg;jpeg;jpe;resx;tiff;tif;png;wav;mfcribbon-ms</Extensions>
    </Filter>
    <Filter Include="ApocResources">
      <UniqueIdentifier>{91116b07-f3e7-41f1-826e-a0d6d49209e8}</UniqueIdentifier>
    </Filter>
    <Filter Include="ImageLoader">
      <UniqueIdentifier>{20604fd7-a754-4888-ac6b-21bf5993d391}</UniqueIdentifier>
    </Filter>
    <Filter Include="MusicLoader">
      <UniqueIdentifier>{357bc78e-1291-4f67-9029-13ec57a5f3b7}</UniqueIdentifier>
    </Filter>
    <Filter Include="Render">
      <UniqueIdentifier>{84d19d57-a947-4e9f-ab5f-4d53bb043fb8}</UniqueIdentifier>
    </Filter>
    <Filter Include="Sound">
      <UniqueIdentifier>{de9200b9-92a9-45ff-a0e1-c9eaa3d33a36}</UniqueIdentifier>
    </Filter>
    <Filter Include="SampleLoader">
      <UniqueIdentifier>{a028568b-85cd-46b7-85f7-95d8659b1ed6}</UniqueIdentifier>
    </Filter>
    <Filter Include="pugixml">
      <UniqueIdentifier>{36c7254c-3cb2-4a2d-aa9f-29da07505423}</UniqueIdentifier>
    </Filter>
  </ItemGroup>
  <ItemGroup>
    <ClCompile Include="configfile.cpp">
      <Filter>Source Files</Filter>
    </ClCompile>
    <ClCompile Include="data.cpp">
      <Filter>Source Files</Filter>
    </ClCompile>
    <ClCompile Include="event.cpp">
      <Filter>Source Files</Filter>
    </ClCompile>
    <ClCompile Include="font.cpp">
      <Filter>Source Files</Filter>
    </ClCompile>
    <ClCompile Include="framework.cpp">
      <Filter>Source Files</Filter>
    </ClCompile>
    <ClCompile Include="ignorecase.c">
      <Filter>Source Files</Filter>
    </ClCompile>
    <ClCompile Include="image.cpp">
      <Filter>Source Files</Filter>
    </ClCompile>
    <ClCompile Include="logger.cpp">
      <Filter>Source Files</Filter>
    </ClCompile>
    <ClCompile Include="palette.cpp">
      <Filter>Source Files</Filter>
    </ClCompile>
    <ClCompile Include="physfs_fs.cpp">
      <Filter>Source Files</Filter>
    </ClCompile>
    <ClCompile Include="renderer.cpp">
      <Filter>Source Files</Filter>
    </ClCompile>
    <ClCompile Include="serialize.cpp">
      <Filter>Source Files</Filter>
    </ClCompile>
    <ClCompile Include="sound.cpp">
      <Filter>Source Files</Filter>
    </ClCompile>
    <ClCompile Include="stagestack.cpp">
      <Filter>Source Files</Filter>
    </ClCompile>
    <ClCompile Include="trace.cpp">
      <Filter>Source Files</Filter>
    </ClCompile>
    <ClCompile Include="apocresources\apocfont.cpp">
      <Filter>ApocResources</Filter>
    </ClCompile>
    <ClCompile Include="apocresources\apocpalette.cpp">
      <Filter>ApocResources</Filter>
    </ClCompile>
    <ClCompile Include="apocresources\cursor.cpp">
      <Filter>ApocResources</Filter>
    </ClCompile>
    <ClCompile Include="apocresources\loftemps.cpp">
      <Filter>ApocResources</Filter>
    </ClCompile>
    <ClCompile Include="apocresources\pck.cpp">
      <Filter>ApocResources</Filter>
    </ClCompile>
    <ClCompile Include="apocresources\rawimage.cpp">
      <Filter>ApocResources</Filter>
    </ClCompile>
    <ClCompile Include="imageloader\lodepng.cpp">
      <Filter>ImageLoader</Filter>
    </ClCompile>
    <ClCompile Include="imageloader\lodepng_image.cpp">
      <Filter>ImageLoader</Filter>
    </ClCompile>
    <ClCompile Include="imageloader\pcx.cpp">
      <Filter>ImageLoader</Filter>
    </ClCompile>
    <ClCompile Include="musicloader\music.cpp">
      <Filter>MusicLoader</Filter>
    </ClCompile>
    <ClCompile Include="render\gl20\ogl_2_0_renderer.cpp">
      <Filter>Render</Filter>
    </ClCompile>
    <ClCompile Include="render\gl30\ogl_3_0_renderer.cpp">
      <Filter>Render</Filter>
    </ClCompile>
    <ClCompile Include="sound\null_backend.cpp">
      <Filter>Sound</Filter>
    </ClCompile>
    <ClCompile Include="sound\sdlraw_backend.cpp">
      <Filter>Sound</Filter>
    </ClCompile>
    <ClCompile Include="sampleloader\rawsound.cpp">
      <Filter>SampleLoader</Filter>
    </ClCompile>
    <ClCompile Include="..\dependencies\pugixml\src\pugixml.cpp">
      <Filter>pugixml</Filter>
    </ClCompile>
    <ClCompile Include="render\gles30_v2\gleswrap_gles3.cpp">
      <Filter>Render</Filter>
    </ClCompile>
    <ClCompile Include="render\gles30_v2\ogles_3_0_renderer_v2.cpp">
      <Filter>Render</Filter>
    </ClCompile>
  </ItemGroup>
  <ItemGroup>
    <ClInclude Include="configfile.h">
      <Filter>Header Files</Filter>
    </ClInclude>
    <ClInclude Include="data.h">
      <Filter>Header Files</Filter>
    </ClInclude>
    <ClInclude Include="event.h">
      <Filter>Header Files</Filter>
    </ClInclude>
    <ClInclude Include="font.h">
      <Filter>Header Files</Filter>
    </ClInclude>
    <ClInclude Include="framework.h">
      <Filter>Header Files</Filter>
    </ClInclude>
    <ClInclude Include="fs.h">
      <Filter>Header Files</Filter>
    </ClInclude>
    <ClInclude Include="ignorecase.h">
      <Filter>Header Files</Filter>
    </ClInclude>
    <ClInclude Include="image.h">
      <Filter>Header Files</Filter>
    </ClInclude>
    <ClInclude Include="imageloader_interface.h">
      <Filter>Header Files</Filter>
    </ClInclude>
    <ClInclude Include="includes.h">
      <Filter>Header Files</Filter>
    </ClInclude>
    <ClInclude Include="logger.h">
      <Filter>Header Files</Filter>
    </ClInclude>
    <ClInclude Include="musicloader_interface.h">
      <Filter>Header Files</Filter>
    </ClInclude>
    <ClInclude Include="palette.h">
      <Filter>Header Files</Filter>
    </ClInclude>
    <ClInclude Include="renderer.h">
      <Filter>Header Files</Filter>
    </ClInclude>
    <ClInclude Include="renderer_interface.h">
      <Filter>Header Files</Filter>
    </ClInclude>
    <ClInclude Include="sampleloader_interface.h">
      <Filter>Header Files</Filter>
    </ClInclude>
    <ClInclude Include="serialize.h">
      <Filter>Header Files</Filter>
    </ClInclude>
    <ClInclude Include="sound.h">
      <Filter>Header Files</Filter>
    </ClInclude>
    <ClInclude Include="sound_interface.h">
      <Filter>Header Files</Filter>
    </ClInclude>
    <ClInclude Include="stage.h">
      <Filter>Header Files</Filter>
    </ClInclude>
    <ClInclude Include="stagestack.h">
      <Filter>Header Files</Filter>
    </ClInclude>
    <ClInclude Include="trace.h">
      <Filter>Header Files</Filter>
    </ClInclude>
    <ClInclude Include="apocresources\apocfont.h">
      <Filter>ApocResources</Filter>
    </ClInclude>
    <ClInclude Include="apocresources\apocpalette.h">
      <Filter>ApocResources</Filter>
    </ClInclude>
    <ClInclude Include="apocresources\apocresource.h">
      <Filter>ApocResources</Filter>
    </ClInclude>
    <ClInclude Include="apocresources\cursor.h">
      <Filter>ApocResources</Filter>
    </ClInclude>
    <ClInclude Include="apocresources\loftemps.h">
      <Filter>ApocResources</Filter>
    </ClInclude>
    <ClInclude Include="apocresources\pck.h">
      <Filter>ApocResources</Filter>
    </ClInclude>
    <ClInclude Include="apocresources\rawimage.h">
      <Filter>ApocResources</Filter>
    </ClInclude>
    <ClInclude Include="imageloader\lodepng.h">
      <Filter>ImageLoader</Filter>
    </ClInclude>
    <ClInclude Include="ThreadPool\ThreadPool.h">
      <Filter>Header Files</Filter>
    </ClInclude>
    <ClInclude Include="render\gl20\gl_2_0.hpp">
      <Filter>Render</Filter>
    </ClInclude>
    <ClInclude Include="render\gl30\gl_3_0.hpp">
      <Filter>Render</Filter>
    </ClInclude>
    <ClInclude Include="..\dependencies\pugixml\src\pugiconfig.hpp">
      <Filter>pugixml</Filter>
    </ClInclude>
    <ClInclude Include="..\dependencies\pugixml\src\pugixml.hpp">
      <Filter>pugixml</Filter>
    </ClInclude>
    <ClInclude Include="render\gles30_v2\gleswrap.h">
      <Filter>Render</Filter>
    </ClInclude>
    <ClInclude Include="render\gles30_v2\gleswrap_gles3.h">
      <Filter>Render</Filter>
    </ClInclude>
    <ClInclude Include="render\gles30_v2\stb_rect_pack.h">
      <Filter>Render</Filter>
    </ClInclude>
  </ItemGroup>
  <ItemGroup>
    <None Include="packages.config" />
    <None Include="render\gl20\gl_2_0.inl">
      <Filter>Render</Filter>
    </None>
    <None Include="render\gl30\gl_3_0.inl">
      <Filter>Render</Filter>
    </None>
  </ItemGroup>
</Project>