<?xml version="1.0" encoding="utf-8"?>
<Project ToolsVersion="4.0" xmlns="http://schemas.microsoft.com/developer/msbuild/2003">
  <ItemGroup>
    <Filter Include="Source Files">
      <UniqueIdentifier>{4FC737F1-C7A5-4376-A066-2A32D752A2FF}</UniqueIdentifier>
      <Extensions>cpp;c;cc;cxx;def;odl;idl;hpj;bat;asm;asmx</Extensions>
    </Filter>
    <Filter Include="Header Files">
      <UniqueIdentifier>{93995380-89BD-4b04-88EB-625FBE52EBFB}</UniqueIdentifier>
      <Extensions>h;hh;hpp;hxx;hm;inl;inc;xsd</Extensions>
    </Filter>
    <Filter Include="Resource Files">
      <UniqueIdentifier>{67DA6AB6-F800-4c08-8B7A-83BB121AAD01}</UniqueIdentifier>
      <Extensions>rc;ico;cur;bmp;dlg;rc2;rct;bin;rgs;gif;jpg;jpeg;jpe;resx;tiff;tif;png;wav;mfcribbon-ms</Extensions>
    </Filter>
  </ItemGroup>
  <ItemGroup>
    <ClCompile Include="boot.cpp">
      <Filter>Source Files</Filter>
    </ClCompile>
    <ClCompile Include="base\basescreen.cpp">
      <Filter>Source Files</Filter>
    </ClCompile>
    <ClCompile Include="base\researchscreen.cpp">
      <Filter>Source Files</Filter>
    </ClCompile>
    <ClCompile Include="base\vequipscreen.cpp">
      <Filter>Source Files</Filter>
    </ClCompile>
    <ClCompile Include="city\basebuyscreen.cpp">
      <Filter>Source Files</Filter>
    </ClCompile>
    <ClCompile Include="city\baseselectscreen.cpp">
      <Filter>Source Files</Filter>
    </ClCompile>
    <ClCompile Include="city\buildingscreen.cpp">
      <Filter>Source Files</Filter>
    </ClCompile>
    <ClCompile Include="city\cityview.cpp">
      <Filter>Source Files</Filter>
    </ClCompile>
    <ClCompile Include="city\infiltrationscreen.cpp">
      <Filter>Source Files</Filter>
    </ClCompile>
    <ClCompile Include="city\scorescreen.cpp">
      <Filter>Source Files</Filter>
    </ClCompile>
    <ClCompile Include="debugtools\debugmenu.cpp">
      <Filter>Source Files</Filter>
    </ClCompile>
    <ClCompile Include="debugtools\formpreview.cpp">
      <Filter>Source Files</Filter>
    </ClCompile>
    <ClCompile Include="general\difficultymenu.cpp">
      <Filter>Source Files</Filter>
    </ClCompile>
    <ClCompile Include="general\ingameoptions.cpp">
      <Filter>Source Files</Filter>
    </ClCompile>
    <ClCompile Include="general\loadingscreen.cpp">
      <Filter>Source Files</Filter>
    </ClCompile>
    <ClCompile Include="general\mainmenu.cpp">
      <Filter>Source Files</Filter>
    </ClCompile>
    <ClCompile Include="general\messagebox.cpp">
      <Filter>Source Files</Filter>
    </ClCompile>
    <ClCompile Include="general\optionsmenu.cpp">
      <Filter>Source Files</Filter>
    </ClCompile>
    <ClCompile Include="tileview\tileview.cpp">
      <Filter>Source Files</Filter>
    </ClCompile>
    <ClCompile Include="ufopaedia\ufopaediacategoryview.cpp">
      <Filter>Source Files</Filter>
    </ClCompile>
    <ClCompile Include="ufopaedia\ufopaediaview.cpp">
      <Filter>Source Files</Filter>
    </ClCompile>
    <ClCompile Include="base\researchselect.cpp">
      <Filter>Source Files</Filter>
    </ClCompile>
    <ClCompile Include="base\basegraphics.cpp">
      <Filter>Source Files</Filter>
    </ClCompile>
  </ItemGroup>
  <ItemGroup>
    <ClInclude Include="boot.h">
      <Filter>Header Files</Filter>
    </ClInclude>
    <ClInclude Include="base\basescreen.h">
      <Filter>Header Files</Filter>
    </ClInclude>
    <ClInclude Include="base\researchscreen.h">
      <Filter>Header Files</Filter>
    </ClInclude>
    <ClInclude Include="base\vequipscreen.h">
      <Filter>Header Files</Filter>
    </ClInclude>
    <ClInclude Include="city\basebuyscreen.h">
      <Filter>Header Files</Filter>
    </ClInclude>
    <ClInclude Include="city\baseselectscreen.h">
      <Filter>Header Files</Filter>
    </ClInclude>
    <ClInclude Include="city\buildingscreen.h">
      <Filter>Header Files</Filter>
    </ClInclude>
    <ClInclude Include="city\cityview.h">
      <Filter>Header Files</Filter>
    </ClInclude>
    <ClInclude Include="city\infiltrationscreen.h">
      <Filter>Header Files</Filter>
    </ClInclude>
    <ClInclude Include="city\scorescreen.h">
      <Filter>Header Files</Filter>
    </ClInclude>
    <ClInclude Include="debugtools\debugmenu.h">
      <Filter>Header Files</Filter>
    </ClInclude>
    <ClInclude Include="debugtools\formpreview.h">
      <Filter>Header Files</Filter>
    </ClInclude>
    <ClInclude Include="general\difficultymenu.h">
      <Filter>Header Files</Filter>
    </ClInclude>
    <ClInclude Include="general\ingameoptions.h">
      <Filter>Header Files</Filter>
    </ClInclude>
    <ClInclude Include="general\loadingscreen.h">
      <Filter>Header Files</Filter>
    </ClInclude>
    <ClInclude Include="general\mainmenu.h">
      <Filter>Header Files</Filter>
    </ClInclude>
    <ClInclude Include="general\messagebox.h">
      <Filter>Header Files</Filter>
    </ClInclude>
    <ClInclude Include="general\optionsmenu.h">
      <Filter>Header Files</Filter>
    </ClInclude>
    <ClInclude Include="tileview\tileview.h">
      <Filter>Header Files</Filter>
    </ClInclude>
    <ClInclude Include="ufopaedia\ufopaediacategoryview.h">
      <Filter>Header Files</Filter>
    </ClInclude>
    <ClInclude Include="ufopaedia\ufopaediaview.h">
      <Filter>Header Files</Filter>
    </ClInclude>
    <ClInclude Include="base\researchselect.h">
      <Filter>Header Files</Filter>
    </ClInclude>
    <ClInclude Include="base\basegraphics.h">
      <Filter>Header Files</Filter>
    </ClInclude>
  </ItemGroup>
  <ItemGroup>
    <None Include="packages.config" />
  </ItemGroup>
</Project>