<?xml version="1.0" encoding="utf-8"?>
<Project ToolsVersion="4.0" xmlns="http://schemas.microsoft.com/developer/msbuild/2003">
  <ItemGroup>
    <Filter Include="base">
      <UniqueIdentifier>{f1220e8a-65de-4f6f-870f-f31e7f5e108e}</UniqueIdentifier>
    </Filter>
    <Filter Include="battle">
      <UniqueIdentifier>{d030872a-c64f-4ad0-a84a-880c59093781}</UniqueIdentifier>
    </Filter>
    <Filter Include="general">
      <UniqueIdentifier>{930e5a21-38b1-422c-8e2c-ee5543aa929b}</UniqueIdentifier>
    </Filter>
    <Filter Include="city">
      <UniqueIdentifier>{8a4ad15d-ce4f-426f-82d6-48b96cccf0ea}</UniqueIdentifier>
    </Filter>
    <Filter Include="tileview">
      <UniqueIdentifier>{60740029-14ab-4133-906e-8d67d6798aff}</UniqueIdentifier>
    </Filter>
    <Filter Include="components">
      <UniqueIdentifier>{3d4ecaf1-2a5d-442c-9e8d-a74fa5b46364}</UniqueIdentifier>
    </Filter>
    <Filter Include="debugtools">
      <UniqueIdentifier>{774e8d97-84cf-4008-a6a0-85a6b7d19817}</UniqueIdentifier>
    </Filter>
    <Filter Include="ufopedia">
      <UniqueIdentifier>{d1426c36-4181-4994-8a75-94deaf58c099}</UniqueIdentifier>
    </Filter>
    <Filter Include="skirmish">
      <UniqueIdentifier>{d0572fbe-25bd-49fb-92fe-c3aa90ef77fa}</UniqueIdentifier>
    </Filter>
  </ItemGroup>
  <ItemGroup>
    <None Include="packages.config" />
  </ItemGroup>
  <ItemGroup>
    <ClCompile Include="base\basescreen.cpp">
      <Filter>base</Filter>
    </ClCompile>
    <ClCompile Include="base\basestage.cpp">
      <Filter>base</Filter>
    </ClCompile>
    <ClCompile Include="base\researchscreen.cpp">
      <Filter>base</Filter>
    </ClCompile>
    <ClCompile Include="base\researchselect.cpp">
      <Filter>base</Filter>
    </ClCompile>
    <ClCompile Include="base\vequipscreen.cpp">
      <Filter>base</Filter>
    </ClCompile>
    <ClCompile Include="boot.cpp" />
    <ClCompile Include="tileview\tileview.cpp">
      <Filter>tileview</Filter>
    </ClCompile>
    <ClCompile Include="tileview\battletileview.cpp">
      <Filter>tileview</Filter>
    </ClCompile>
    <ClCompile Include="tileview\citytileview.cpp">
      <Filter>tileview</Filter>
    </ClCompile>
    <ClCompile Include="ufopaedia\ufopaediaview.cpp">
      <Filter>ufopedia</Filter>
    </ClCompile>
    <ClCompile Include="ufopaedia\ufopaediacategoryview.cpp">
      <Filter>ufopedia</Filter>
    </ClCompile>
    <ClCompile Include="debugtools\formpreview.cpp">
      <Filter>debugtools</Filter>
    </ClCompile>
    <ClCompile Include="debugtools\imagepreview.cpp">
      <Filter>debugtools</Filter>
    </ClCompile>
    <ClCompile Include="debugtools\debugmenu.cpp">
      <Filter>debugtools</Filter>
    </ClCompile>
    <ClCompile Include="components\basegraphics.cpp">
      <Filter>components</Filter>
    </ClCompile>
    <ClCompile Include="components\controlgenerator.cpp">
      <Filter>components</Filter>
    </ClCompile>
    <ClCompile Include="components\equipscreen.cpp">
      <Filter>components</Filter>
    </ClCompile>
    <ClCompile Include="components\locationscreen.cpp">
      <Filter>components</Filter>
    </ClCompile>
    <ClCompile Include="components\agentassignment.cpp">
      <Filter>components</Filter>
    </ClCompile>
    <ClCompile Include="city\basedefensescreen.cpp">
      <Filter>city</Filter>
    </ClCompile>
    <ClCompile Include="city\baseselectscreen.cpp">
      <Filter>city</Filter>
    </ClCompile>
    <ClCompile Include="city\buildingscreen.cpp">
      <Filter>city</Filter>
    </ClCompile>
    <ClCompile Include="city\infiltrationscreen.cpp">
      <Filter>city</Filter>
    </ClCompile>
    <ClCompile Include="city\scorescreen.cpp">
      <Filter>city</Filter>
    </ClCompile>
    <ClCompile Include="city\alertscreen.cpp">
      <Filter>city</Filter>
    </ClCompile>
    <ClCompile Include="city\basebuyscreen.cpp">
      <Filter>city</Filter>
    </ClCompile>
    <ClCompile Include="general\mainmenu.cpp">
      <Filter>general</Filter>
    </ClCompile>
    <ClCompile Include="general\messagebox.cpp">
      <Filter>general</Filter>
    </ClCompile>
    <ClCompile Include="general\messagelogscreen.cpp">
      <Filter>general</Filter>
    </ClCompile>
    <ClCompile Include="general\notificationscreen.cpp">
      <Filter>general</Filter>
    </ClCompile>
    <ClCompile Include="general\optionsmenu.cpp">
      <Filter>general</Filter>
    </ClCompile>
    <ClCompile Include="general\savemenu.cpp">
      <Filter>general</Filter>
    </ClCompile>
    <ClCompile Include="general\videoscreen.cpp">
      <Filter>general</Filter>
    </ClCompile>
    <ClCompile Include="general\difficultymenu.cpp">
      <Filter>general</Filter>
    </ClCompile>
    <ClCompile Include="general\ingameoptions.cpp">
      <Filter>general</Filter>
    </ClCompile>
    <ClCompile Include="battle\battledebriefing.cpp">
      <Filter>battle</Filter>
    </ClCompile>
    <ClCompile Include="battle\battleprestart.cpp">
      <Filter>battle</Filter>
    </ClCompile>
    <ClCompile Include="battle\battleturnbasedconfirmbox.cpp">
      <Filter>battle</Filter>
    </ClCompile>
    <ClCompile Include="battle\battlebriefing.cpp">
      <Filter>battle</Filter>
    </ClCompile>
    <ClCompile Include="general\aequipscreen.cpp">
      <Filter>general</Filter>
    </ClCompile>
    <ClCompile Include="skirmish\mapselector.cpp">
      <Filter>skirmish</Filter>
    </ClCompile>
    <ClCompile Include="skirmish\selectforces.cpp">
      <Filter>skirmish</Filter>
    </ClCompile>
    <ClCompile Include="skirmish\skirmish.cpp">
      <Filter>skirmish</Filter>
    </ClCompile>
    <ClCompile Include="tileview\battleview.cpp">
      <Filter>tileview</Filter>
    </ClCompile>
    <ClCompile Include="tileview\cityview.cpp">
      <Filter>tileview</Filter>
    </ClCompile>
    <ClCompile Include="base\transactionscreen.cpp">
      <Filter>base</Filter>
    </ClCompile>
    <ClCompile Include="base\recruitscreen.cpp">
      <Filter>base</Filter>
    </ClCompile>
    <ClCompile Include="general\aequipmentsheet.cpp" />
    <ClCompile Include="general\agentsheet.cpp" />
    <ClCompile Include="general\loadingscreen.cpp" />
    <ClCompile Include="general\vehiclesheet.cpp" />
    <ClCompile Include="city\bribescreen.cpp">
      <Filter>city</Filter>
    </ClCompile>
    <ClCompile Include="base\buyandsellscreen.cpp">
      <Filter>base</Filter>
    </ClCompile>
    <ClCompile Include="base\aliencontainmentscreen.cpp">
      <Filter>base</Filter>
    </ClCompile>
    <ClCompile Include="base\transferscreen.cpp">
      <Filter>base</Filter>
    </ClCompile>
  </ItemGroup>
  <ItemGroup>
    <ClInclude Include="base\basescreen.h">
      <Filter>base</Filter>
    </ClInclude>
    <ClInclude Include="base\basestage.h">
      <Filter>base</Filter>
    </ClInclude>
    <ClInclude Include="base\researchscreen.h">
      <Filter>base</Filter>
    </ClInclude>
    <ClInclude Include="base\researchselect.h">
      <Filter>base</Filter>
    </ClInclude>
    <ClInclude Include="base\vequipscreen.h">
      <Filter>base</Filter>
    </ClInclude>
    <ClInclude Include="boot.h" />
    <ClInclude Include="tileview\citytileview.h">
      <Filter>tileview</Filter>
    </ClInclude>
    <ClInclude Include="tileview\tileview.h">
      <Filter>tileview</Filter>
    </ClInclude>
    <ClInclude Include="tileview\battletileview.h">
      <Filter>tileview</Filter>
    </ClInclude>
    <ClInclude Include="ufopaedia\ufopaediaview.h">
      <Filter>ufopedia</Filter>
    </ClInclude>
    <ClInclude Include="ufopaedia\ufopaediacategoryview.h">
      <Filter>ufopedia</Filter>
    </ClInclude>
    <ClInclude Include="debugtools\formpreview.h">
      <Filter>debugtools</Filter>
    </ClInclude>
    <ClInclude Include="debugtools\imagepreview.h">
      <Filter>debugtools</Filter>
    </ClInclude>
    <ClInclude Include="debugtools\debugmenu.h">
      <Filter>debugtools</Filter>
    </ClInclude>
    <ClInclude Include="components\basegraphics.h">
      <Filter>components</Filter>
    </ClInclude>
    <ClInclude Include="components\controlgenerator.h">
      <Filter>components</Filter>
    </ClInclude>
    <ClInclude Include="components\equipscreen.h">
      <Filter>components</Filter>
    </ClInclude>
    <ClInclude Include="components\locationscreen.h">
      <Filter>components</Filter>
    </ClInclude>
    <ClInclude Include="components\agentassignment.h">
      <Filter>components</Filter>
    </ClInclude>
    <ClInclude Include="city\basebuyscreen.h">
      <Filter>city</Filter>
    </ClInclude>
    <ClInclude Include="city\basedefensescreen.h">
      <Filter>city</Filter>
    </ClInclude>
    <ClInclude Include="city\baseselectscreen.h">
      <Filter>city</Filter>
    </ClInclude>
    <ClInclude Include="city\buildingscreen.h">
      <Filter>city</Filter>
    </ClInclude>
    <ClInclude Include="city\infiltrationscreen.h">
      <Filter>city</Filter>
    </ClInclude>
    <ClInclude Include="city\scorescreen.h">
      <Filter>city</Filter>
    </ClInclude>
    <ClInclude Include="city\alertscreen.h">
      <Filter>city</Filter>
    </ClInclude>
    <ClInclude Include="general\ingameoptions.h">
      <Filter>general</Filter>
    </ClInclude>
    <ClInclude Include="general\loadingscreen.h">
      <Filter>general</Filter>
    </ClInclude>
    <ClInclude Include="general\mainmenu.h">
      <Filter>general</Filter>
    </ClInclude>
    <ClInclude Include="general\messagebox.h">
      <Filter>general</Filter>
    </ClInclude>
    <ClInclude Include="general\messagelogscreen.h">
      <Filter>general</Filter>
    </ClInclude>
    <ClInclude Include="general\notificationscreen.h">
      <Filter>general</Filter>
    </ClInclude>
    <ClInclude Include="general\optionsmenu.h">
      <Filter>general</Filter>
    </ClInclude>
    <ClInclude Include="general\savemenu.h">
      <Filter>general</Filter>
    </ClInclude>
    <ClInclude Include="general\videoscreen.h">
      <Filter>general</Filter>
    </ClInclude>
    <ClInclude Include="general\difficultymenu.h">
      <Filter>general</Filter>
    </ClInclude>
    <ClInclude Include="battle\battlebriefing.h">
      <Filter>battle</Filter>
    </ClInclude>
    <ClInclude Include="battle\battledebriefing.h">
      <Filter>battle</Filter>
    </ClInclude>
    <ClInclude Include="battle\battleprestart.h">
      <Filter>battle</Filter>
    </ClInclude>
    <ClInclude Include="battle\battleturnbasedconfirmbox.h">
      <Filter>battle</Filter>
    </ClInclude>
    <ClInclude Include="general\aequipscreen.h">
      <Filter>general</Filter>
    </ClInclude>
    <ClInclude Include="skirmish\mapselector.h">
      <Filter>skirmish</Filter>
    </ClInclude>
    <ClInclude Include="skirmish\selectforces.h">
      <Filter>skirmish</Filter>
    </ClInclude>
    <ClInclude Include="skirmish\skirmish.h">
      <Filter>skirmish</Filter>
    </ClInclude>
    <ClInclude Include="tileview\battleview.h">
      <Filter>tileview</Filter>
    </ClInclude>
    <ClInclude Include="tileview\cityview.h">
      <Filter>tileview</Filter>
    </ClInclude>
    <ClInclude Include="base\transactionscreen.h">
      <Filter>base</Filter>
    </ClInclude>
    <ClInclude Include="base\recruitscreen.h">
      <Filter>base</Filter>
    </ClInclude>
    <ClInclude Include="general\aequipmentsheet.h" />
    <ClInclude Include="general\agentsheet.h" />
    <ClInclude Include="general\vehiclesheet.h" />
    <ClInclude Include="city\bribescreen.h">
      <Filter>city</Filter>
    </ClInclude>
    <ClInclude Include="base\buyandsellscreen.h">
      <Filter>base</Filter>
    </ClInclude>
    <ClInclude Include="base\aliencontainmentscreen.h">
      <Filter>base</Filter>
    </ClInclude>
    <ClInclude Include="base\transferscreen.h">
      <Filter>base</Filter>
    </ClInclude>
  </ItemGroup>
</Project>