<?xml version="1.0" encoding="utf-8"?>
<Project ToolsVersion="4.0" xmlns="http://schemas.microsoft.com/developer/msbuild/2003">
  <ItemGroup>
    <Filter Include="Source Files">
      <UniqueIdentifier>{4FC737F1-C7A5-4376-A066-2A32D752A2FF}</UniqueIdentifier>
      <Extensions>cpp;c;cc;cxx;def;odl;idl;hpj;bat;asm;asmx</Extensions>
    </Filter>
    <Filter Include="Header Files">
      <UniqueIdentifier>{93995380-89BD-4b04-88EB-625FBE52EBFB}</UniqueIdentifier>
      <Extensions>h;hh;hpp;hxx;hm;inl;inc;xsd</Extensions>
    </Filter>
    <Filter Include="Resource Files">
      <UniqueIdentifier>{67DA6AB6-F800-4c08-8B7A-83BB121AAD01}</UniqueIdentifier>
      <Extensions>rc;ico;cur;bmp;dlg;rc2;rct;bin;rgs;gif;jpg;jpeg;jpe;resx;tiff;tif;png;wav;mfcribbon-ms</Extensions>
    </Filter>
  </ItemGroup>
  <ItemGroup>
    <ClCompile Include="extractors\extract_base_layouts.cpp">
      <Filter>Source Files</Filter>
    </ClCompile>
    <ClCompile Include="extractors\extract_buildings.cpp">
      <Filter>Source Files</Filter>
    </ClCompile>
    <ClCompile Include="extractors\extract_city_map.cpp">
      <Filter>Source Files</Filter>
    </ClCompile>
    <ClCompile Include="extractors\extract_city_scenery.cpp">
      <Filter>Source Files</Filter>
    </ClCompile>
    <ClCompile Include="extractors\extract_facilities.cpp">
      <Filter>Source Files</Filter>
    </ClCompile>
    <ClCompile Include="extractors\extract_organisations.cpp">
      <Filter>Source Files</Filter>
    </ClCompile>
    <ClCompile Include="extractors\extract_research.cpp">
      <Filter>Source Files</Filter>
    </ClCompile>
    <ClCompile Include="extractors\extract_vehicle_equipment.cpp">
      <Filter>Source Files</Filter>
    </ClCompile>
    <ClCompile Include="extractors\extract_vehicles.cpp">
      <Filter>Source Files</Filter>
    </ClCompile>
    <ClCompile Include="extractors\extractors.cpp">
      <Filter>Source Files</Filter>
    </ClCompile>
    <ClCompile Include="extractors\main.cpp">
      <Filter>Source Files</Filter>
    </ClCompile>
    <ClCompile Include="extractors\common\strtab.cpp">
      <Filter>Source Files</Filter>
    </ClCompile>
    <ClCompile Include="extractors\common\ufo2p.cpp">
      <Filter>Source Files</Filter>
    </ClCompile>
    <ClCompile Include="extractors\extract_bulletsprites.cpp">
      <Filter>Source Files</Filter>
    </ClCompile>
    <ClCompile Include="extractors\extract_battlescape_map.cpp">
      <Filter>Source Files</Filter>
    </ClCompile>
    <ClCompile Include="extractors\extract_agent_equipment.cpp">
      <Filter>Source Files</Filter>
    </ClCompile>
    <ClCompile Include="extractors\common\tacp.cpp">
      <Filter>Source Files</Filter>
    </ClCompile>
    <ClCompile Include="extractors\extract_agent_types.cpp">
      <Filter>Source Files</Filter>
    </ClCompile>
    <ClCompile Include="extractors\extract_battlescape_map_parts.cpp">
      <Filter>Source Files</Filter>
    </ClCompile>
    <ClCompile Include="extractors\extract_unit_image_packs.cpp">
      <Filter>Source Files</Filter>
    </ClCompile>
    <ClCompile Include="extractors\extract_unit_animation_packs.cpp">
      <Filter>Source Files</Filter>
    </ClCompile>
    <ClCompile Include="extractors\extract_battle_shared_resources.cpp">
      <Filter>Source Files</Filter>
    </ClCompile>
    <ClCompile Include="extractors\extract_unit_animation_pack_unit.cpp">
      <Filter>Source Files</Filter>
    </ClCompile>
    <ClCompile Include="extractors\extract_doodads.cpp">
      <Filter>Source Files</Filter>
    </ClCompile>
    <ClCompile Include="extractors\extract_unit_animation_pack_bsk.cpp">
      <Filter>Source Files</Filter>
    </ClCompile>
    <ClCompile Include="extractors\extract_unit_animation_pack_popper.cpp">
      <Filter>Source Files</Filter>
    </ClCompile>
    <ClCompile Include="extractors\extract_unit_animation_pack_chrysalis.cpp">
      <Filter>Source Files</Filter>
    </ClCompile>
    <ClCompile Include="extractors\extract_unit_animation_pack_mega.cpp">
      <Filter>Source Files</Filter>
    </ClCompile>
    <ClCompile Include="extractors\extract_unit_animation_pack_psi.cpp">
      <Filter>Source Files</Filter>
    </ClCompile>
    <ClCompile Include="extractors\extract_unit_animation_pack_egg.cpp">
      <Filter>Source Files</Filter>
    </ClCompile>
    <ClCompile Include="extractors\extract_unit_animation_pack_gun.cpp">
      <Filter>Source Files</Filter>
    </ClCompile>
    <ClCompile Include="extractors\extract_unit_animation_pack_multi.cpp">
      <Filter>Source Files</Filter>
    </ClCompile>
    <ClCompile Include="extractors\extract_unit_animation_pack_hyper.cpp">
      <Filter>Source Files</Filter>
    </ClCompile>
    <ClCompile Include="extractors\extract_unit_animation_pack_spitter.cpp">
      <Filter>Source Files</Filter>
    </ClCompile>
    <ClCompile Include="extractors\extract_unit_animation_pack_civ.cpp">
      <Filter>Source Files</Filter>
    </ClCompile>
    <ClCompile Include="extractors\extract_unit_animation_pack_micro.cpp">
      <Filter>Source Files</Filter>
    </ClCompile>
    <ClCompile Include="extractors\extract_unit_animation_pack_q.cpp">
      <Filter>Source Files</Filter>
    </ClCompile>
    <ClCompile Include="extractors\extract_economy.cpp">
      <Filter>Source Files</Filter>
    </ClCompile>
  </ItemGroup>
  <ItemGroup>
    <ClInclude Include="extractors\extractors.h">
      <Filter>Header Files</Filter>
    </ClInclude>
    <ClInclude Include="extractors\common\audio.h">
      <Filter>Header Files</Filter>
    </ClInclude>
    <ClInclude Include="extractors\common\baselayout.h">
      <Filter>Header Files</Filter>
    </ClInclude>
    <ClInclude Include="extractors\common\canonstring.h">
      <Filter>Header Files</Filter>
    </ClInclude>
    <ClInclude Include="extractors\common\datachunk.h">
      <Filter>Header Files</Filter>
    </ClInclude>
    <ClInclude Include="extractors\common\facilities.h">
      <Filter>Header Files</Filter>
    </ClInclude>
    <ClInclude Include="extractors\common\organisations.h">
      <Filter>Header Files</Filter>
    </ClInclude>
    <ClInclude Include="extractors\common\research.h">
      <Filter>Header Files</Filter>
    </ClInclude>
    <ClInclude Include="extractors\common\scenerytile.h">
      <Filter>Header Files</Filter>
    </ClInclude>
    <ClInclude Include="extractors\common\strtab.h">
      <Filter>Header Files</Filter>
    </ClInclude>
    <ClInclude Include="extractors\common\ufo2p.h">
      <Filter>Header Files</Filter>
    </ClInclude>
    <ClInclude Include="extractors\common\ufopaedia.h">
      <Filter>Header Files</Filter>
    </ClInclude>
    <ClInclude Include="extractors\common\vehicle.h">
      <Filter>Header Files</Filter>
    </ClInclude>
    <ClInclude Include="extractors\common\vequipment.h">
      <Filter>Header Files</Filter>
    </ClInclude>
    <ClInclude Include="extractors\common\bulletsprite.h">
      <Filter>Header Files</Filter>
    </ClInclude>
    <ClInclude Include="extractors\common\building.h">
      <Filter>Header Files</Filter>
    </ClInclude>
    <ClInclude Include="extractors\common\aequipment.h">
      <Filter>Header Files</Filter>
    </ClInclude>
    <ClInclude Include="extractors\common\tacp.h">
      <Filter>Header Files</Filter>
    </ClInclude>
    <ClInclude Include="extractors\common\agent.h">
      <Filter>Header Files</Filter>
    </ClInclude>
    <ClInclude Include="extractors\common\battlemap.h">
      <Filter>Header Files</Filter>
    </ClInclude>
    <ClInclude Include="extractors\common\animation.h">
      <Filter>Header Files</Filter>
    </ClInclude>
    <ClInclude Include="extractors\common\doodads.h">
      <Filter>Header Files</Filter>
    </ClInclude>
    <ClInclude Include="extractors\common\crew.h">
      <Filter>Header Files</Filter>
    </ClInclude>
    <ClInclude Include="extractors\common\economy.h">
      <Filter>Header Files</Filter>
    </ClInclude>
  </ItemGroup>
  <ItemGroup>
    <None Include="packages.config" />
  </ItemGroup>
</Project>